// !$*UTF8*$!
{
	archiveVersion = 1;
	classes = {
	};
	objectVersion = 77;
	objects = {

/* Begin PBXBuildFile section */
		140684EF36EE17EF914B3C4E /* BoxBoxNowDashboardApp.swift in Sources */ = {isa = PBXBuildFile; fileRef = DC2AB5820A74FC7D77F31256 /* BoxBoxNowDashboardApp.swift */; };
		6A306500092801DB65E90E25 /* Foundation.framework in Frameworks */ = {isa = PBXBuildFile; fileRef = C2C533B2DA82843B7A10971F /* Foundation.framework */; };
		9ACC87C64B0B9BFBD25BC818 /* Foundation.framework in Frameworks */ = {isa = PBXBuildFile; fileRef = C2C533B2DA82843B7A10971F /* Foundation.framework */; };
		C4BEB02FBD94EFF88B830694 /* Foundation.framework in Frameworks */ = {isa = PBXBuildFile; fileRef = C2C533B2DA82843B7A10971F /* Foundation.framework */; };
/* End PBXBuildFile section */

/* Begin PBXContainerItemProxy section */
		3B16F56063F165E9A12316A3 /* PBXContainerItemProxy */ = {
			isa = PBXContainerItemProxy;
			containerPortal = 244C0A792F8D3A2A0047102F /* Project object */;
			proxyType = 1;
			remoteGlobalIDString = 061208C358105A983F07D5E6;
			remoteInfo = BoxBoxNowDashboard;
		};
		662324416A384F7C46E58E4C /* PBXContainerItemProxy */ = {
			isa = PBXContainerItemProxy;
			containerPortal = 244C0A792F8D3A2A0047102F /* Project object */;
			proxyType = 1;
			remoteGlobalIDString = 061208C358105A983F07D5E6;
			remoteInfo = BoxBoxNowDashboard;
		};
/* End PBXContainerItemProxy section */

/* Begin PBXFileReference section */
		244C0A812F8D3A2A0047102F /* BoxBoxNow.app */ = {isa = PBXFileReference; explicitFileType = wrapper.application; includeInIndex = 0; path = BoxBoxNow.app; sourceTree = BUILT_PRODUCTS_DIR; };
		4132D5E13DE7435DACF4F43C /* BoxBoxNowDashboardTests.xctest */ = {isa = PBXFileReference; explicitFileType = wrapper.cfbundle; includeInIndex = 0; name = BoxBoxNowDashboardTests.xctest; path = .xctest; sourceTree = BUILT_PRODUCTS_DIR; };
		53D95657E1ADF2BB1647C14F /* BoxBoxNowDashboard.app */ = {isa = PBXFileReference; explicitFileType = wrapper.application; includeInIndex = 0; path = BoxBoxNowDashboard.app; sourceTree = BUILT_PRODUCTS_DIR; };
		B978CAD275F81D34EC842DD0 /* BoxBoxNowDashboardUITests.xctest */ = {isa = PBXFileReference; explicitFileType = wrapper.cfbundle; includeInIndex = 0; name = BoxBoxNowDashboardUITests.xctest; path = .xctest; sourceTree = BUILT_PRODUCTS_DIR; };
		C2C533B2DA82843B7A10971F /* Foundation.framework */ = {isa = PBXFileReference; lastKnownFileType = wrapper.framework; name = Foundation.framework; path = Platforms/iPhoneOS.platform/Developer/SDKs/iPhoneOS18.0.sdk/System/Library/Frameworks/Foundation.framework; sourceTree = DEVELOPER_DIR; };
		DC2AB5820A74FC7D77F31256 /* BoxBoxNowDashboardApp.swift */ = {isa = PBXFileReference; includeInIndex = 1; lastKnownFileType = sourcecode.swift; path = BoxBoxNowDashboardApp.swift; sourceTree = "<group>"; };
/* End PBXFileReference section */

/* Begin PBXFileSystemSynchronizedBuildFileExceptionSet section */
		244C0AE52F8D3C090047102F /* Exceptions for "BoxBoxNow" folder in "BoxBoxNow" target */ = {
			isa = PBXFileSystemSynchronizedBuildFileExceptionSet;
			membershipExceptions = (
				Resources/Info.plist,
			);
			target = 244C0A802F8D3A2A0047102F /* BoxBoxNow */;
		};
/* End PBXFileSystemSynchronizedBuildFileExceptionSet section */

/* Begin PBXFileSystemSynchronizedRootGroup section */
		14C1079D210221371A8FA163 /* Shared */ = {
			isa = PBXFileSystemSynchronizedRootGroup;
			exceptions = (
			);
			path = Shared;
			sourceTree = "<group>";
		};
		244C0A832F8D3A2A0047102F /* BoxBoxNow */ = {
			isa = PBXFileSystemSynchronizedRootGroup;
			exceptions = (
				244C0AE52F8D3C090047102F /* Exceptions for "BoxBoxNow" folder in "BoxBoxNow" target */,
			);
			path = BoxBoxNow;
			sourceTree = "<group>";
		};
/* End PBXFileSystemSynchronizedRootGroup section */

/* Begin PBXFrameworksBuildPhase section */
		244C0A7E2F8D3A2A0047102F /* Frameworks */ = {
			isa = PBXFrameworksBuildPhase;
			buildActionMask = 2147483647;
			files = (
			);
			runOnlyForDeploymentPostprocessing = 0;
		};
		415F6C6A7F2247113B807F6C /* Frameworks */ = {
			isa = PBXFrameworksBuildPhase;
			buildActionMask = 2147483647;
			files = (
				6A306500092801DB65E90E25 /* Foundation.framework in Frameworks */,
			);
			runOnlyForDeploymentPostprocessing = 0;
		};
		686DB7FE0E97F23C391D6C8E /* Frameworks */ = {
			isa = PBXFrameworksBuildPhase;
			buildActionMask = 2147483647;
			files = (
				9ACC87C64B0B9BFBD25BC818 /* Foundation.framework in Frameworks */,
			);
			runOnlyForDeploymentPostprocessing = 0;
		};
		B218F78FB221A608BBABCE0C /* Frameworks */ = {
			isa = PBXFrameworksBuildPhase;
			buildActionMask = 2147483647;
			files = (
				C4BEB02FBD94EFF88B830694 /* Foundation.framework in Frameworks */,
			);
			runOnlyForDeploymentPostprocessing = 0;
		};
/* End PBXFrameworksBuildPhase section */

/* Begin PBXGroup section */
		244C0A782F8D3A2A0047102F = {
			isa = PBXGroup;
			children = (
				244C0A832F8D3A2A0047102F /* BoxBoxNow */,
				244C0A822F8D3A2A0047102F /* Products */,
				6DA2DEE9AC55C61895B71D0E /* Frameworks */,
				79151AA7EC142F3FA42398AE /* BoxBoxNowDashboard */,
				14C1079D210221371A8FA163 /* Shared */,
			);
			sourceTree = "<group>";
		};
		244C0A822F8D3A2A0047102F /* Products */ = {
			isa = PBXGroup;
			children = (
				244C0A812F8D3A2A0047102F /* BoxBoxNow.app */,
				53D95657E1ADF2BB1647C14F /* BoxBoxNowDashboard.app */,
				4132D5E13DE7435DACF4F43C /* BoxBoxNowDashboardTests.xctest */,
				B978CAD275F81D34EC842DD0 /* BoxBoxNowDashboardUITests.xctest */,
			);
			name = Products;
			sourceTree = "<group>";
		};
		6DA2DEE9AC55C61895B71D0E /* Frameworks */ = {
			isa = PBXGroup;
			children = (
				9ABAB475B30569560153F162 /* iOS */,
			);
			name = Frameworks;
			sourceTree = "<group>";
		};
		79151AA7EC142F3FA42398AE /* BoxBoxNowDashboard */ = {
			isa = PBXGroup;
			children = (
				7D68E450CC8EFF592749FA12 /* App */,
			);
			name = BoxBoxNowDashboard;
			path = BoxBoxNowDashboard;
			sourceTree = "<group>";
		};
		7D68E450CC8EFF592749FA12 /* App */ = {
			isa = PBXGroup;
			children = (
				DC2AB5820A74FC7D77F31256 /* BoxBoxNowDashboardApp.swift */,
			);
			name = App;
			path = App;
			sourceTree = "<group>";
		};
		9ABAB475B30569560153F162 /* iOS */ = {
			isa = PBXGroup;
			children = (
				C2C533B2DA82843B7A10971F /* Foundation.framework */,
			);
			name = iOS;
			sourceTree = "<group>";
		};
/* End PBXGroup section */

/* Begin PBXNativeTarget section */
		03C4AE6E5EA25A62ECD8CF14 /* BoxBoxNowDashboardTests */ = {
			isa = PBXNativeTarget;
			buildConfigurationList = E7E68FC72F3B0F24480A8ADC /* Build configuration list for PBXNativeTarget "BoxBoxNowDashboardTests" */;
			buildPhases = (
				A1B02E70345C5BB45194BE9B /* Sources */,
				686DB7FE0E97F23C391D6C8E /* Frameworks */,
				E6BAD099884103D7FD76318C /* Resources */,
			);
			buildRules = (
			);
			dependencies = (
				9C588804C3CA61EC48C848D7 /* PBXTargetDependency */,
			);
			name = BoxBoxNowDashboardTests;
			productName = BoxBoxNowDashboardTests;
			productReference = 4132D5E13DE7435DACF4F43C /* BoxBoxNowDashboardTests.xctest */;
			productType = "com.apple.product-type.bundle.unit-test";
		};
		061208C358105A983F07D5E6 /* BoxBoxNowDashboard */ = {
			isa = PBXNativeTarget;
			buildConfigurationList = 8A5F8D5D0F909AC5B9774B03 /* Build configuration list for PBXNativeTarget "BoxBoxNowDashboard" */;
			buildPhases = (
				C18EE7E53318666422264824 /* Sources */,
				415F6C6A7F2247113B807F6C /* Frameworks */,
				FEED8132E382F68AD95FA5F5 /* Resources */,
			);
			buildRules = (
			);
			dependencies = (
			);
			fileSystemSynchronizedGroups = (
				14C1079D210221371A8FA163 /* Shared */,
			);
			name = BoxBoxNowDashboard;
			productName = BoxBoxNowDashboard;
			productReference = 53D95657E1ADF2BB1647C14F /* BoxBoxNowDashboard.app */;
			productType = "com.apple.product-type.application";
		};
		244C0A802F8D3A2A0047102F /* BoxBoxNow */ = {
			isa = PBXNativeTarget;
			buildConfigurationList = 244C0A8C2F8D3A2C0047102F /* Build configuration list for PBXNativeTarget "BoxBoxNow" */;
			buildPhases = (
				244C0A7D2F8D3A2A0047102F /* Sources */,
				244C0A7E2F8D3A2A0047102F /* Frameworks */,
				244C0A7F2F8D3A2A0047102F /* Resources */,
			);
			buildRules = (
			);
			dependencies = (
			);
			fileSystemSynchronizedGroups = (
				244C0A832F8D3A2A0047102F /* BoxBoxNow */,
				14C1079D210221371A8FA163 /* Shared */,
			);
			name = BoxBoxNow;
			productName = BoxBoxNow;
			productReference = 244C0A812F8D3A2A0047102F /* BoxBoxNow.app */;
			productType = "com.apple.product-type.application";
		};
		786AA2F857BF6166460B1BFD /* BoxBoxNowDashboardUITests */ = {
			isa = PBXNativeTarget;
			buildConfigurationList = B94410C78A168B87D30F2BA8 /* Build configuration list for PBXNativeTarget "BoxBoxNowDashboardUITests" */;
			buildPhases = (
				15CCB5CB4F9B0E5CF3C21635 /* Sources */,
				B218F78FB221A608BBABCE0C /* Frameworks */,
				7295167385084CAA5B3AD736 /* Resources */,
			);
			buildRules = (
			);
			dependencies = (
				0F3218180E58E35D8EDE75F6 /* PBXTargetDependency */,
			);
			name = BoxBoxNowDashboardUITests;
			productName = BoxBoxNowDashboardUITests;
			productReference = B978CAD275F81D34EC842DD0 /* BoxBoxNowDashboardUITests.xctest */;
			productType = "com.apple.product-type.bundle.ui-testing";
		};
/* End PBXNativeTarget section */

/* Begin PBXProject section */
		244C0A792F8D3A2A0047102F /* Project object */ = {
			isa = PBXProject;
			attributes = {
				BuildIndependentTargetsInParallel = 1;
				LastSwiftUpdateCheck = 2640;
				LastUpgradeCheck = 2640;
				TargetAttributes = {
					244C0A802F8D3A2A0047102F = {
						CreatedOnToolsVersion = 26.4;
					};
				};
			};
			buildConfigurationList = 244C0A7C2F8D3A2A0047102F /* Build configuration list for PBXProject "BoxBoxNow" */;
			developmentRegion = en;
			hasScannedForEncodings = 0;
			knownRegions = (
				en,
				Base,
			);
			mainGroup = 244C0A782F8D3A2A0047102F;
			minimizedProjectReferenceProxies = 1;
			preferredProjectObjectVersion = 77;
			productRefGroup = 244C0A822F8D3A2A0047102F /* Products */;
			projectDirPath = "";
			projectRoot = "";
			targets = (
				244C0A802F8D3A2A0047102F /* BoxBoxNow */,
				061208C358105A983F07D5E6 /* BoxBoxNowDashboard */,
				03C4AE6E5EA25A62ECD8CF14 /* BoxBoxNowDashboardTests */,
				786AA2F857BF6166460B1BFD /* BoxBoxNowDashboardUITests */,
			);
		};
/* End PBXProject section */

/* Begin PBXResourcesBuildPhase section */
		244C0A7F2F8D3A2A0047102F /* Resources */ = {
			isa = PBXResourcesBuildPhase;
			buildActionMask = 2147483647;
			files = (
			);
			runOnlyForDeploymentPostprocessing = 0;
		};
		7295167385084CAA5B3AD736 /* Resources */ = {
			isa = PBXResourcesBuildPhase;
			buildActionMask = 2147483647;
			files = (
			);
			runOnlyForDeploymentPostprocessing = 0;
		};
		E6BAD099884103D7FD76318C /* Resources */ = {
			isa = PBXResourcesBuildPhase;
			buildActionMask = 2147483647;
			files = (
			);
			runOnlyForDeploymentPostprocessing = 0;
		};
		FEED8132E382F68AD95FA5F5 /* Resources */ = {
			isa = PBXResourcesBuildPhase;
			buildActionMask = 2147483647;
			files = (
			);
			runOnlyForDeploymentPostprocessing = 0;
		};
/* End PBXResourcesBuildPhase section */

/* Begin PBXSourcesBuildPhase section */
		15CCB5CB4F9B0E5CF3C21635 /* Sources */ = {
			isa = PBXSourcesBuildPhase;
			buildActionMask = 2147483647;
			files = (
			);
			runOnlyForDeploymentPostprocessing = 0;
		};
		244C0A7D2F8D3A2A0047102F /* Sources */ = {
			isa = PBXSourcesBuildPhase;
			buildActionMask = 2147483647;
			files = (
			);
			runOnlyForDeploymentPostprocessing = 0;
		};
		A1B02E70345C5BB45194BE9B /* Sources */ = {
			isa = PBXSourcesBuildPhase;
			buildActionMask = 2147483647;
			files = (
			);
			runOnlyForDeploymentPostprocessing = 0;
		};
		C18EE7E53318666422264824 /* Sources */ = {
			isa = PBXSourcesBuildPhase;
			buildActionMask = 2147483647;
			files = (
				140684EF36EE17EF914B3C4E /* BoxBoxNowDashboardApp.swift in Sources */,
			);
			runOnlyForDeploymentPostprocessing = 0;
		};
/* End PBXSourcesBuildPhase section */

/* Begin PBXTargetDependency section */
		0F3218180E58E35D8EDE75F6 /* PBXTargetDependency */ = {
			isa = PBXTargetDependency;
			name = BoxBoxNowDashboard;
			target = 061208C358105A983F07D5E6 /* BoxBoxNowDashboard */;
			targetProxy = 3B16F56063F165E9A12316A3 /* PBXContainerItemProxy */;
		};
		9C588804C3CA61EC48C848D7 /* PBXTargetDependency */ = {
			isa = PBXTargetDependency;
			name = BoxBoxNowDashboard;
			target = 061208C358105A983F07D5E6 /* BoxBoxNowDashboard */;
			targetProxy = 662324416A384F7C46E58E4C /* PBXContainerItemProxy */;
		};
/* End PBXTargetDependency section */

/* Begin XCBuildConfiguration section */
		0A2F3387272FC15E70A52B5B /* Debug */ = {
			isa = XCBuildConfiguration;
			buildSettings = {
				CLANG_ENABLE_OBJC_WEAK = NO;
				GENERATE_INFOPLIST_FILE = YES;
				IPHONEOS_DEPLOYMENT_TARGET = 17.0;
				PRODUCT_BUNDLE_IDENTIFIER = com.jizcue.BoxBoxNowDashboard.uitests;
				SDKROOT = iphoneos;
				TARGETED_DEVICE_FAMILY = 2;
				TEST_TARGET_NAME = BoxBoxNowDashboard;
			};
			name = Debug;
		};
		126FFB11C08B285814B562EF /* Debug */ = {
			isa = XCBuildConfiguration;
			buildSettings = {
				ASSETCATALOG_COMPILER_APPICON_NAME = AppIcon;
				ASSETCATALOG_COMPILER_GLOBAL_ACCENT_COLOR_NAME = AccentColor;
				CLANG_ENABLE_OBJC_WEAK = NO;
				CODE_SIGN_ENTITLEMENTS = BoxBoxNowDashboard/BoxBoxNowDashboard.entitlements;
				CODE_SIGN_STYLE = Automatic;
				DEVELOPMENT_TEAM = "$(DEVELOPMENT_TEAM)";
				ENABLE_PREVIEWS = YES;
				GENERATE_INFOPLIST_FILE = NO;
				INFOPLIST_FILE = BoxBoxNowDashboard/Info.plist;
				IPHONEOS_DEPLOYMENT_TARGET = 17.0;
				LD_RUNPATH_SEARCH_PATHS = (
					"$(inherited)",
					"@executable_path/Frameworks",
				);
				PRODUCT_BUNDLE_IDENTIFIER = com.jizcue.BoxBoxNowDashboard;
				PRODUCT_NAME = "$(TARGET_NAME)";
				SDKROOT = iphoneos;
				SWIFT_VERSION = 5.0;
				TARGETED_DEVICE_FAMILY = 2;
			};
			name = Debug;
		};
		17C8E039D58BDF5E13157388 /* Release */ = {
			isa = XCBuildConfiguration;
			buildSettings = {
				ASSETCATALOG_COMPILER_APPICON_NAME = AppIcon;
				ASSETCATALOG_COMPILER_GLOBAL_ACCENT_COLOR_NAME = AccentColor;
				CLANG_ENABLE_OBJC_WEAK = NO;
				CODE_SIGN_ENTITLEMENTS = BoxBoxNowDashboard/BoxBoxNowDashboard.entitlements;
				CODE_SIGN_STYLE = Automatic;
				DEVELOPMENT_TEAM = "$(DEVELOPMENT_TEAM)";
				ENABLE_PREVIEWS = YES;
				GENERATE_INFOPLIST_FILE = NO;
				INFOPLIST_FILE = BoxBoxNowDashboard/Info.plist;
				IPHONEOS_DEPLOYMENT_TARGET = 17.0;
				LD_RUNPATH_SEARCH_PATHS = (
					"$(inherited)",
					"@executable_path/Frameworks",
				);
				PRODUCT_BUNDLE_IDENTIFIER = com.jizcue.BoxBoxNowDashboard;
				PRODUCT_NAME = "$(TARGET_NAME)";
				SDKROOT = iphoneos;
				SWIFT_VERSION = 5.0;
				TARGETED_DEVICE_FAMILY = 2;
				VALIDATE_PRODUCT = YES;
			};
			name = Release;
		};
		244C0A8A2F8D3A2C0047102F /* Debug */ = {
			isa = XCBuildConfiguration;
			buildSettings = {
				ALWAYS_SEARCH_USER_PATHS = NO;
				ASSETCATALOG_COMPILER_GENERATE_SWIFT_ASSET_SYMBOL_EXTENSIONS = YES;
				CLANG_ANALYZER_NONNULL = YES;
				CLANG_ANALYZER_NUMBER_OBJECT_CONVERSION = YES_AGGRESSIVE;
				CLANG_CXX_LANGUAGE_STANDARD = "gnu++20";
				CLANG_ENABLE_MODULES = YES;
				CLANG_ENABLE_OBJC_ARC = YES;
				CLANG_ENABLE_OBJC_WEAK = YES;
				CLANG_WARN_BLOCK_CAPTURE_AUTORELEASING = YES;
				CLANG_WARN_BOOL_CONVERSION = YES;
				CLANG_WARN_COMMA = YES;
				CLANG_WARN_CONSTANT_CONVERSION = YES;
				CLANG_WARN_DEPRECATED_OBJC_IMPLEMENTATIONS = YES;
				CLANG_WARN_DIRECT_OBJC_ISA_USAGE = YES_ERROR;
				CLANG_WARN_DOCUMENTATION_COMMENTS = YES;
				CLANG_WARN_EMPTY_BODY = YES;
				CLANG_WARN_ENUM_CONVERSION = YES;
				CLANG_WARN_INFINITE_RECURSION = YES;
				CLANG_WARN_INT_CONVERSION = YES;
				CLANG_WARN_NON_LITERAL_NULL_CONVERSION = YES;
				CLANG_WARN_OBJC_IMPLICIT_RETAIN_SELF = YES;
				CLANG_WARN_OBJC_LITERAL_CONVERSION = YES;
				CLANG_WARN_OBJC_ROOT_CLASS = YES_ERROR;
				CLANG_WARN_QUOTED_INCLUDE_IN_FRAMEWORK_HEADER = YES;
				CLANG_WARN_RANGE_LOOP_ANALYSIS = YES;
				CLANG_WARN_STRICT_PROTOTYPES = YES;
				CLANG_WARN_SUSPICIOUS_MOVE = YES;
				CLANG_WARN_UNGUARDED_AVAILABILITY = YES_AGGRESSIVE;
				CLANG_WARN_UNREACHABLE_CODE = YES;
				CLANG_WARN__DUPLICATE_METHOD_MATCH = YES;
				COPY_PHASE_STRIP = NO;
				DEBUG_INFORMATION_FORMAT = dwarf;
				ENABLE_STRICT_OBJC_MSGSEND = YES;
				ENABLE_TESTABILITY = YES;
				ENABLE_USER_SCRIPT_SANDBOXING = YES;
				GCC_C_LANGUAGE_STANDARD = gnu17;
				GCC_DYNAMIC_NO_PIC = NO;
				GCC_NO_COMMON_BLOCKS = YES;
				GCC_OPTIMIZATION_LEVEL = 0;
				GCC_PREPROCESSOR_DEFINITIONS = (
					"DEBUG=1",
					"$(inherited)",
				);
				GCC_WARN_64_TO_32_BIT_CONVERSION = YES;
				GCC_WARN_ABOUT_RETURN_TYPE = YES_ERROR;
				GCC_WARN_UNDECLARED_SELECTOR = YES;
				GCC_WARN_UNINITIALIZED_AUTOS = YES_AGGRESSIVE;
				GCC_WARN_UNUSED_FUNCTION = YES;
				GCC_WARN_UNUSED_VARIABLE = YES;
				IPHONEOS_DEPLOYMENT_TARGET = 26.4;
				LOCALIZATION_PREFERS_STRING_CATALOGS = YES;
				MTL_ENABLE_DEBUG_INFO = INCLUDE_SOURCE;
				MTL_FAST_MATH = YES;
				ONLY_ACTIVE_ARCH = YES;
				SDKROOT = iphoneos;
				SWIFT_ACTIVE_COMPILATION_CONDITIONS = "DEBUG $(inherited)";
				SWIFT_OPTIMIZATION_LEVEL = "-Onone";
			};
			name = Debug;
		};
		244C0A8B2F8D3A2C0047102F /* Release */ = {
			isa = XCBuildConfiguration;
			buildSettings = {
				ALWAYS_SEARCH_USER_PATHS = NO;
				ASSETCATALOG_COMPILER_GENERATE_SWIFT_ASSET_SYMBOL_EXTENSIONS = YES;
				CLANG_ANALYZER_NONNULL = YES;
				CLANG_ANALYZER_NUMBER_OBJECT_CONVERSION = YES_AGGRESSIVE;
				CLANG_CXX_LANGUAGE_STANDARD = "gnu++20";
				CLANG_ENABLE_MODULES = YES;
				CLANG_ENABLE_OBJC_ARC = YES;
				CLANG_ENABLE_OBJC_WEAK = YES;
				CLANG_WARN_BLOCK_CAPTURE_AUTORELEASING = YES;
				CLANG_WARN_BOOL_CONVERSION = YES;
				CLANG_WARN_COMMA = YES;
				CLANG_WARN_CONSTANT_CONVERSION = YES;
				CLANG_WARN_DEPRECATED_OBJC_IMPLEMENTATIONS = YES;
				CLANG_WARN_DIRECT_OBJC_ISA_USAGE = YES_ERROR;
				CLANG_WARN_DOCUMENTATION_COMMENTS = YES;
				CLANG_WARN_EMPTY_BODY = YES;
				CLANG_WARN_ENUM_CONVERSION = YES;
				CLANG_WARN_INFINITE_RECURSION = YES;
				CLANG_WARN_INT_CONVERSION = YES;
				CLANG_WARN_NON_LITERAL_NULL_CONVERSION = YES;
				CLANG_WARN_OBJC_IMPLICIT_RETAIN_SELF = YES;
				CLANG_WARN_OBJC_LITERAL_CONVERSION = YES;
				CLANG_WARN_OBJC_ROOT_CLASS = YES_ERROR;
				CLANG_WARN_QUOTED_INCLUDE_IN_FRAMEWORK_HEADER = YES;
				CLANG_WARN_RANGE_LOOP_ANALYSIS = YES;
				CLANG_WARN_STRICT_PROTOTYPES = YES;
				CLANG_WARN_SUSPICIOUS_MOVE = YES;
				CLANG_WARN_UNGUARDED_AVAILABILITY = YES_AGGRESSIVE;
				CLANG_WARN_UNREACHABLE_CODE = YES;
				CLANG_WARN__DUPLICATE_METHOD_MATCH = YES;
				COPY_PHASE_STRIP = NO;
				DEBUG_INFORMATION_FORMAT = "dwarf-with-dsym";
				ENABLE_NS_ASSERTIONS = NO;
				ENABLE_STRICT_OBJC_MSGSEND = YES;
				ENABLE_USER_SCRIPT_SANDBOXING = YES;
				GCC_C_LANGUAGE_STANDARD = gnu17;
				GCC_NO_COMMON_BLOCKS = YES;
				GCC_WARN_64_TO_32_BIT_CONVERSION = YES;
				GCC_WARN_ABOUT_RETURN_TYPE = YES_ERROR;
				GCC_WARN_UNDECLARED_SELECTOR = YES;
				GCC_WARN_UNINITIALIZED_AUTOS = YES_AGGRESSIVE;
				GCC_WARN_UNUSED_FUNCTION = YES;
				GCC_WARN_UNUSED_VARIABLE = YES;
				IPHONEOS_DEPLOYMENT_TARGET = 26.4;
				LOCALIZATION_PREFERS_STRING_CATALOGS = YES;
				MTL_ENABLE_DEBUG_INFO = NO;
				MTL_FAST_MATH = YES;
				SDKROOT = iphoneos;
				SWIFT_COMPILATION_MODE = wholemodule;
				VALIDATE_PRODUCT = YES;
			};
			name = Release;
		};
		244C0A8D2F8D3A2C0047102F /* Debug */ = {
			isa = XCBuildConfiguration;
			buildSettings = {
				ASSETCATALOG_COMPILER_APPICON_NAME = AppIcon;
				ASSETCATALOG_COMPILER_GLOBAL_ACCENT_COLOR_NAME = AccentColor;
				CODE_SIGN_ENTITLEMENTS = BoxBoxNow/BoxBoxNow.entitlements;
				CODE_SIGN_STYLE = Automatic;
				CURRENT_PROJECT_VERSION = 1;
				DEVELOPMENT_TEAM = 8HBXJXJC68;
				ENABLE_PREVIEWS = YES;
				GENERATE_INFOPLIST_FILE = NO;
				INFOPLIST_FILE = BoxBoxNow/Resources/Info.plist;
				INFOPLIST_KEY_UIApplicationSceneManifest_Generation = YES;
				INFOPLIST_KEY_UIApplicationSupportsIndirectInputEvents = YES;
				INFOPLIST_KEY_UILaunchScreen_Generation = YES;
				INFOPLIST_KEY_UISupportedInterfaceOrientations_iPad = "UIInterfaceOrientationPortrait UIInterfaceOrientationPortraitUpsideDown UIInterfaceOrientationLandscapeLeft UIInterfaceOrientationLandscapeRight";
				INFOPLIST_KEY_UISupportedInterfaceOrientations_iPhone = "UIInterfaceOrientationPortrait UIInterfaceOrientationLandscapeLeft UIInterfaceOrientationLandscapeRight";
				IPHONEOS_DEPLOYMENT_TARGET = 26.0;
				LD_RUNPATH_SEARCH_PATHS = (
					"$(inherited)",
					"@executable_path/Frameworks",
				);
				MARKETING_VERSION = 1.0;
				PRODUCT_BUNDLE_IDENTIFIER = com.jizcue.BoxBoxNow;
				PRODUCT_NAME = "$(TARGET_NAME)";
				STRING_CATALOG_GENERATE_SYMBOLS = YES;
				SWIFT_APPROACHABLE_CONCURRENCY = YES;
				SWIFT_DEFAULT_ACTOR_ISOLATION = MainActor;
				SWIFT_EMIT_LOC_STRINGS = YES;
				SWIFT_UPCOMING_FEATURE_MEMBER_IMPORT_VISIBILITY = YES;
				SWIFT_VERSION = 5.0;
				TARGETED_DEVICE_FAMILY = "1,2";
			};
			name = Debug;
		};
		244C0A8E2F8D3A2C0047102F /* Release */ = {
			isa = XCBuildConfiguration;
			buildSettings = {
				ASSETCATALOG_COMPILER_APPICON_NAME = AppIcon;
				ASSETCATALOG_COMPILER_GLOBAL_ACCENT_COLOR_NAME = AccentColor;
				CODE_SIGN_ENTITLEMENTS = BoxBoxNow/BoxBoxNow.entitlements;
				CODE_SIGN_STYLE = Automatic;
				CURRENT_PROJECT_VERSION = 1;
				DEVELOPMENT_TEAM = 8HBXJXJC68;
				ENABLE_PREVIEWS = YES;
				GENERATE_INFOPLIST_FILE = NO;
				INFOPLIST_FILE = BoxBoxNow/Resources/Info.plist;
				INFOPLIST_KEY_UIApplicationSceneManifest_Generation = YES;
				INFOPLIST_KEY_UIApplicationSupportsIndirectInputEvents = YES;
				INFOPLIST_KEY_UILaunchScreen_Generation = YES;
				INFOPLIST_KEY_UISupportedInterfaceOrientations_iPad = "UIInterfaceOrientationPortrait UIInterfaceOrientationPortraitUpsideDown UIInterfaceOrientationLandscapeLeft UIInterfaceOrientationLandscapeRight";
				INFOPLIST_KEY_UISupportedInterfaceOrientations_iPhone = "UIInterfaceOrientationPortrait UIInterfaceOrientationLandscapeLeft UIInterfaceOrientationLandscapeRight";
				IPHONEOS_DEPLOYMENT_TARGET = 26.0;
				LD_RUNPATH_SEARCH_PATHS = (
					"$(inherited)",
					"@executable_path/Frameworks",
				);
				MARKETING_VERSION = 1.0;
				PRODUCT_BUNDLE_IDENTIFIER = com.jizcue.BoxBoxNow;
				PRODUCT_NAME = "$(TARGET_NAME)";
				STRING_CATALOG_GENERATE_SYMBOLS = YES;
				SWIFT_APPROACHABLE_CONCURRENCY = YES;
				SWIFT_DEFAULT_ACTOR_ISOLATION = MainActor;
				SWIFT_EMIT_LOC_STRINGS = YES;
				SWIFT_UPCOMING_FEATURE_MEMBER_IMPORT_VISIBILITY = YES;
				SWIFT_VERSION = 5.0;
				TARGETED_DEVICE_FAMILY = "1,2";
			};
			name = Release;
		};
		84FBC0F8ECDC265256F21DE0 /* Release */ = {
			isa = XCBuildConfiguration;
			buildSettings = {
				CLANG_ENABLE_OBJC_WEAK = NO;
				GENERATE_INFOPLIST_FILE = YES;
				IPHONEOS_DEPLOYMENT_TARGET = 17.0;
				PRODUCT_BUNDLE_IDENTIFIER = com.jizcue.BoxBoxNowDashboard.uitests;
				SDKROOT = iphoneos;
				TARGETED_DEVICE_FAMILY = 2;
				TEST_TARGET_NAME = BoxBoxNowDashboard;
				VALIDATE_PRODUCT = YES;
			};
			name = Release;
		};
		C6D065E72190E5EBDD99570B /* Release */ = {
			isa = XCBuildConfiguration;
			buildSettings = {
				BUNDLE_LOADER = "$(TEST_HOST)";
				CLANG_ENABLE_OBJC_WEAK = NO;
				GENERATE_INFOPLIST_FILE = YES;
				IPHONEOS_DEPLOYMENT_TARGET = 17.0;
				PRODUCT_BUNDLE_IDENTIFIER = com.jizcue.BoxBoxNowDashboard.tests;
				SDKROOT = iphoneos;
				TARGETED_DEVICE_FAMILY = 2;
				TEST_HOST = "$(BUILT_PRODUCTS_DIR)/BoxBoxNowDashboard.app/BoxBoxNowDashboard";
				VALIDATE_PRODUCT = YES;
			};
			name = Release;
		};
		FF01BBC2801055214E17EF69 /* Debug */ = {
			isa = XCBuildConfiguration;
			buildSettings = {
				BUNDLE_LOADER = "$(TEST_HOST)";
				CLANG_ENABLE_OBJC_WEAK = NO;
				GENERATE_INFOPLIST_FILE = YES;
				IPHONEOS_DEPLOYMENT_TARGET = 17.0;
				PRODUCT_BUNDLE_IDENTIFIER = com.jizcue.BoxBoxNowDashboard.tests;
				SDKROOT = iphoneos;
				TARGETED_DEVICE_FAMILY = 2;
				TEST_HOST = "$(BUILT_PRODUCTS_DIR)/BoxBoxNowDashboard.app/BoxBoxNowDashboard";
			};
			name = Debug;
		};
/* End XCBuildConfiguration section */

/* Begin XCConfigurationList section */
		244C0A7C2F8D3A2A0047102F /* Build configuration list for PBXProject "BoxBoxNow" */ = {
			isa = XCConfigurationList;
			buildConfigurations = (
				244C0A8A2F8D3A2C0047102F /* Debug */,
				244C0A8B2F8D3A2C0047102F /* Release */,
			);
			defaultConfigurationIsVisible = 0;
			defaultConfigurationName = Release;
		};
		244C0A8C2F8D3A2C0047102F /* Build configuration list for PBXNativeTarget "BoxBoxNow" */ = {
			isa = XCConfigurationList;
			buildConfigurations = (
				244C0A8D2F8D3A2C0047102F /* Debug */,
				244C0A8E2F8D3A2C0047102F /* Release */,
			);
			defaultConfigurationIsVisible = 0;
			defaultConfigurationName = Release;
		};
		8A5F8D5D0F909AC5B9774B03 /* Build configuration list for PBXNativeTarget "BoxBoxNowDashboard" */ = {
			isa = XCConfigurationList;
			buildConfigurations = (
				17C8E039D58BDF5E13157388 /* Release */,
				126FFB11C08B285814B562EF /* Debug */,
			);
			defaultConfigurationIsVisible = 0;
			defaultConfigurationName = Release;
		};
		B94410C78A168B87D30F2BA8 /* Build configuration list for PBXNativeTarget "BoxBoxNowDashboardUITests" */ = {
			isa = XCConfigurationList;
			buildConfigurations = (
				84FBC0F8ECDC265256F21DE0 /* Release */,
				0A2F3387272FC15E70A52B5B /* Debug */,
			);
			defaultConfigurationIsVisible = 0;
			defaultConfigurationName = Release;
		};
		E7E68FC72F3B0F24480A8ADC /* Build configuration list for PBXNativeTarget "BoxBoxNowDashboardTests" */ = {
			isa = XCConfigurationList;
			buildConfigurations = (
				C6D065E72190E5EBDD99570B /* Release */,
				FF01BBC2801055214E17EF69 /* Debug */,
			);
			defaultConfigurationIsVisible = 0;
			defaultConfigurationName = Release;
		};
/* End XCConfigurationList section */
	};
	rootObject = 244C0A792F8D3A2A0047102F /* Project object */;
}
