// !$*UTF8*$!
{
	archiveVersion = 1;
	classes = {
	};
	objectVersion = 77;
	objects = {

/* Begin PBXBuildFile section */
		01C6FB8BF0F29CFCC4D4F582 /* snapshot.json in Resources */ = {isa = PBXBuildFile; fileRef = FF9191539843FAF88AD2810E /* snapshot.json */; };
		024D8DBEE10FB2698F35DCF3 /* ClassificationEntry.swift in Sources */ = {isa = PBXBuildFile; fileRef = 23CAB0D3FBBB6BF2C7A7386F /* ClassificationEntry.swift */; };
		108A1079BB932315AE85174F /* replay_status.json in Resources */ = {isa = PBXBuildFile; fileRef = B37F20E81BB1582179DFDA9B /* replay_status.json */; };
		11636BFF83B325BDD662F6FA /* PublicService.swift in Sources */ = {isa = PBXBuildFile; fileRef = 8F0761AFE0F86F8EA9447381 /* PublicService.swift */; };
		140684EF36EE17EF914B3C4E /* BoxBoxNowDashboardApp.swift in Sources */ = {isa = PBXBuildFile; fileRef = DC2AB5820A74FC7D77F31256 /* BoxBoxNowDashboardApp.swift */; };
		152F197498E3285BA362AE71 /* FifoState.swift in Sources */ = {isa = PBXBuildFile; fileRef = E91DEE2D48BD5F5C1C9E1D07 /* FifoState.swift */; };
		188765FB1A4BED5827DC57C6 /* PlatformMetrics.swift in Sources */ = {isa = PBXBuildFile; fileRef = D41CC5B26F70B3489AE2E8AD /* PlatformMetrics.swift */; };
		1A40A5D449E1B2308B404D70 /* APIClientDashboardTests.swift in Sources */ = {isa = PBXBuildFile; fileRef = AE9B41368B3473E19EEEE5CE /* APIClientDashboardTests.swift */; };
		1CA18F6940832DEE70895997 /* RaceSnapshot.swift in Sources */ = {isa = PBXBuildFile; fileRef = 4A4A8BF665A9FAAAD621DCD4 /* RaceSnapshot.swift */; };
		1D0D179E0535E0D16F07EA59 /* RaceWebSocketClientTests.swift in Sources */ = {isa = PBXBuildFile; fileRef = AB4502BAB3CE61EC1C3DE376 /* RaceWebSocketClientTests.swift */; };
		1FB3D7DAD8A0EB3E24B7CA78 /* APIClient+Dashboard.swift in Sources */ = {isa = PBXBuildFile; fileRef = 3E485FA80390A19423F682CF /* APIClient+Dashboard.swift */; };
		291DFB0EFA081CA4709978AF /* AuthStore.swift in Sources */ = {isa = PBXBuildFile; fileRef = 6450E4BD57F2989352AFB301 /* AuthStore.swift */; };
		2DE6A83752A10AF7CBF04EAB /* BBNToast.swift in Sources */ = {isa = PBXBuildFile; fileRef = F12229FCE4736357FC38AC5D /* BBNToast.swift */; };
		32370AE437BF27AA40BAEFD6 /* BBNCard.swift in Sources */ = {isa = PBXBuildFile; fileRef = DA50485A6E7EDADD652C23E9 /* BBNCard.swift */; };
		33B68322DA07AEED6F7B515A /* JSONValueTests.swift in Sources */ = {isa = PBXBuildFile; fileRef = F26D9D1C4A0C580FF84AF5CA /* JSONValueTests.swift */; };
		470E821102349844D4948ED1 /* BBNEmptyState.swift in Sources */ = {isa = PBXBuildFile; fileRef = 5A2BD764B4C6A8A7EEE66A8B /* BBNEmptyState.swift */; };
		4B7F9D4D6052E11D6C583A9E /* BBNPrimaryButton.swift in Sources */ = {isa = PBXBuildFile; fileRef = 0B7287D32B32CF5CB8CF88CC /* BBNPrimaryButton.swift */; };
		4F8993BE8C39E12AABA1FFBC /* WsMessage.swift in Sources */ = {isa = PBXBuildFile; fileRef = 6119E6C3C7B8C120381BC458 /* WsMessage.swift */; };
		5A79AE48FDA736229E3D7CD2 /* AdminService.swift in Sources */ = {isa = PBXBuildFile; fileRef = DC4353D02B94C87B0136798F /* AdminService.swift */; };
		5E60E50BDE546299494CA626 /* FifoEntry.swift in Sources */ = {isa = PBXBuildFile; fileRef = 835130EAF2454A3C8D55C1A1 /* FifoEntry.swift */; };
		629BE3974689719A386358BB /* JSONValue.swift in Sources */ = {isa = PBXBuildFile; fileRef = 59229E2D110C6F146EBCEC97 /* JSONValue.swift */; };
		64AA66966CCDE54763CA37FE /* fifo_update.json in Resources */ = {isa = PBXBuildFile; fileRef = 2BD72A620151DBF945560B96 /* fifo_update.json */; };
		667D374AD78D3FE1FED7ABCA /* BBNNumericField.swift in Sources */ = {isa = PBXBuildFile; fileRef = 5BE45342DDC9620ABADDBF44 /* BBNNumericField.swift */; };
		6A306500092801DB65E90E25 /* Foundation.framework in Frameworks */ = {isa = PBXBuildFile; fileRef = C2C533B2DA82843B7A10971F /* Foundation.framework */; };
		6E9B28881723E58E990AF783 /* BBNTypography.swift in Sources */ = {isa = PBXBuildFile; fileRef = 11FF2A2767E16F4B71E59B7A /* BBNTypography.swift */; };
		7E41824EE7ABA55AEA8B57F9 /* WsUpdateEventTests.swift in Sources */ = {isa = PBXBuildFile; fileRef = 6DFEE1E2E80BCB61D4D15B11 /* WsUpdateEventTests.swift */; };
		841B83B318959F4EB40C7C9E /* BBNSecondaryButton.swift in Sources */ = {isa = PBXBuildFile; fileRef = 0C87B55B13B78A1D126F7C8C /* BBNSecondaryButton.swift */; };
		841FA937AA3BA58C150FD290 /* AuthStoreStateMachineTests.swift in Sources */ = {isa = PBXBuildFile; fileRef = 64D3260E44ADE5768F10CAEF /* AuthStoreStateMachineTests.swift */; };
		869271EFDCD0929F85F5421A /* KartState+Dashboard.swift in Sources */ = {isa = PBXBuildFile; fileRef = D4D0BC5623AC1BB7C474B769 /* KartState+Dashboard.swift */; };
		89911E15E6A83AFAD3A364AB /* RaceService.swift in Sources */ = {isa = PBXBuildFile; fileRef = 3E34F3AC93FC3FE75EB9179E /* RaceService.swift */; };
		89C6B39F3A6C4109D2BBCBD4 /* FixtureLoader.swift in Sources */ = {isa = PBXBuildFile; fileRef = D9C3CD543925C6B9AB750C60 /* FixtureLoader.swift */; };
		90FAB080C9AEB53370AF380A /* RaceWebSocketClient.swift in Sources */ = {isa = PBXBuildFile; fileRef = 5EF849D96B812EF5AE75AA99 /* RaceWebSocketClient.swift */; };
		911AF43F10BAF48C01A715E1 /* BBNTierBadge.swift in Sources */ = {isa = PBXBuildFile; fileRef = BC97D4B59A8484A2E32DE90A /* BBNTierBadge.swift */; };
		9528E26F3EDDAFF7F8F84B58 /* MockURLProtocol.swift in Sources */ = {isa = PBXBuildFile; fileRef = C29D186C97F4930A74ABA6FA /* MockURLProtocol.swift */; };
		9ACC87C64B0B9BFBD25BC818 /* Foundation.framework in Frameworks */ = {isa = PBXBuildFile; fileRef = C2C533B2DA82843B7A10971F /* Foundation.framework */; };
		A2821609E7D7D5D10A89F78E /* BBNColors.swift in Sources */ = {isa = PBXBuildFile; fileRef = 003B0EE2019A297341BE3956 /* BBNColors.swift */; };
		A6D44B5BA43504D9202B02E9 /* DeviceSession.swift in Sources */ = {isa = PBXBuildFile; fileRef = 5A3BD6BD01F9F40B0AD06A31 /* DeviceSession.swift */; };
		A7EA8935429FA5467CE5A285 /* AuthService.swift in Sources */ = {isa = PBXBuildFile; fileRef = 0C59CBF0B27A03B35E925A98 /* AuthService.swift */; };
		AC0AEDB26882D3FE32FED1A9 /* BBNSection.swift in Sources */ = {isa = PBXBuildFile; fileRef = E569E3B298818FA60DE45660 /* BBNSection.swift */; };
		AC3D0AE39C6B8185CE796FFE /* UserListItem.swift in Sources */ = {isa = PBXBuildFile; fileRef = 5C5F5056B5407DAD1552A229 /* UserListItem.swift */; };
		B0750A3EE3397107E1B0AFA5 /* SharedModelExtensionsTests.swift in Sources */ = {isa = PBXBuildFile; fileRef = 79E30CAE14869C40E9C22A70 /* SharedModelExtensionsTests.swift */; };
		B276E659F7DEE02AE658F709 /* KeychainProtocol.swift in Sources */ = {isa = PBXBuildFile; fileRef = 8B27F23A1CCCF192DCDFC293 /* KeychainProtocol.swift */; };
		B4A973259304816BCD25287D /* ReplayStatus.swift in Sources */ = {isa = PBXBuildFile; fileRef = 69DE783EB983464BB83A5B56 /* ReplayStatus.swift */; };
		B5D31F026F268562DE2B275A /* BBNLoadingOverlay.swift in Sources */ = {isa = PBXBuildFile; fileRef = 19AB82D71D21F2C68C0F05AD /* BBNLoadingOverlay.swift */; };
		B95EA2593974CC92C6649394 /* FifoSnapshot.swift in Sources */ = {isa = PBXBuildFile; fileRef = 96B3268BFEF3AF7F2526CBD8 /* FifoSnapshot.swift */; };
		C4BEB02FBD94EFF88B830694 /* Foundation.framework in Frameworks */ = {isa = PBXBuildFile; fileRef = C2C533B2DA82843B7A10971F /* Foundation.framework */; };
		CA24B295C83006D2F2AE881F /* BBNStatusDot.swift in Sources */ = {isa = PBXBuildFile; fileRef = 16ADD04E208136B7F7652CFB /* BBNStatusDot.swift */; };
		D3176DA7E4B042103217B8A1 /* DecodeFixturesTests.swift in Sources */ = {isa = PBXBuildFile; fileRef = BD90191EE4504727D0DC9F2D /* DecodeFixturesTests.swift */; };
		D982C51F6B58A36147A13779 /* MockRaceWebSocketClient.swift in Sources */ = {isa = PBXBuildFile; fileRef = 0C7CEE6557A432E12F92C4C1 /* MockRaceWebSocketClient.swift */; };
		DCEF1D89165A2B67E2FD8CB9 /* MockKeychainHelper.swift in Sources */ = {isa = PBXBuildFile; fileRef = 39360E9737FD8F36A30DA8DF /* MockKeychainHelper.swift */; };
		E15680155663A52D76787AA0 /* PitRecord.swift in Sources */ = {isa = PBXBuildFile; fileRef = ED03ED34CD17D732029ADE58 /* PitRecord.swift */; };
		E5636489B335E0A6D27C41DD /* kart_state_extended.json in Resources */ = {isa = PBXBuildFile; fileRef = F205186513E7161023210D38 /* kart_state_extended.json */; };
		E938A0BB87913D93115DB2FE /* update.json in Resources */ = {isa = PBXBuildFile; fileRef = 236D0520DA0FEFD14CD4AEF5 /* update.json */; };
		F6B3E87A922E83EFF57EFDAA /* ConfigService.swift in Sources */ = {isa = PBXBuildFile; fileRef = C5C978D3BC578AC4BF0A3167 /* ConfigService.swift */; };
		F997C9767BE7B0B12ADC4B9D /* WsUpdateEvent.swift in Sources */ = {isa = PBXBuildFile; fileRef = 50AC16025237E1E494C9D5A0 /* WsUpdateEvent.swift */; };
		FDDC6047C2526C75C03565E1 /* MockAuthService.swift in Sources */ = {isa = PBXBuildFile; fileRef = A7814A1631861CA7D179CA18 /* MockAuthService.swift */; };
/* End PBXBuildFile section */

/* Begin PBXContainerItemProxy section */
		3B16F56063F165E9A12316A3 /* PBXContainerItemProxy */ = {
			isa = PBXContainerItemProxy;
			containerPortal = 244C0A792F8D3A2A0047102F /* Project object */;
			proxyType = 1;
			remoteGlobalIDString = 061208C358105A983F07D5E6;
			remoteInfo = BoxBoxNowDashboard;
		};
		662324416A384F7C46E58E4C /* PBXContainerItemProxy */ = {
			isa = PBXContainerItemProxy;
			containerPortal = 244C0A792F8D3A2A0047102F /* Project object */;
			proxyType = 1;
			remoteGlobalIDString = 061208C358105A983F07D5E6;
			remoteInfo = BoxBoxNowDashboard;
		};
/* End PBXContainerItemProxy section */

/* Begin PBXFileReference section */
		003B0EE2019A297341BE3956 /* BBNColors.swift */ = {isa = PBXFileReference; includeInIndex = 1; lastKnownFileType = sourcecode.swift; path = BBNColors.swift; sourceTree = "<group>"; };
		0B7287D32B32CF5CB8CF88CC /* BBNPrimaryButton.swift */ = {isa = PBXFileReference; includeInIndex = 1; lastKnownFileType = sourcecode.swift; path = BBNPrimaryButton.swift; sourceTree = "<group>"; };
		0C59CBF0B27A03B35E925A98 /* AuthService.swift */ = {isa = PBXFileReference; includeInIndex = 1; lastKnownFileType = sourcecode.swift; path = AuthService.swift; sourceTree = "<group>"; };
		0C7CEE6557A432E12F92C4C1 /* MockRaceWebSocketClient.swift */ = {isa = PBXFileReference; includeInIndex = 1; lastKnownFileType = sourcecode.swift; path = MockRaceWebSocketClient.swift; sourceTree = "<group>"; };
		0C87B55B13B78A1D126F7C8C /* BBNSecondaryButton.swift */ = {isa = PBXFileReference; includeInIndex = 1; lastKnownFileType = sourcecode.swift; path = BBNSecondaryButton.swift; sourceTree = "<group>"; };
		11FF2A2767E16F4B71E59B7A /* BBNTypography.swift */ = {isa = PBXFileReference; includeInIndex = 1; lastKnownFileType = sourcecode.swift; path = BBNTypography.swift; sourceTree = "<group>"; };
		16ADD04E208136B7F7652CFB /* BBNStatusDot.swift */ = {isa = PBXFileReference; includeInIndex = 1; lastKnownFileType = sourcecode.swift; path = BBNStatusDot.swift; sourceTree = "<group>"; };
		19AB82D71D21F2C68C0F05AD /* BBNLoadingOverlay.swift */ = {isa = PBXFileReference; includeInIndex = 1; lastKnownFileType = sourcecode.swift; path = BBNLoadingOverlay.swift; sourceTree = "<group>"; };
		236D0520DA0FEFD14CD4AEF5 /* update.json */ = {isa = PBXFileReference; includeInIndex = 1; path = update.json; sourceTree = "<group>"; };
		23CAB0D3FBBB6BF2C7A7386F /* ClassificationEntry.swift */ = {isa = PBXFileReference; includeInIndex = 1; lastKnownFileType = sourcecode.swift; path = ClassificationEntry.swift; sourceTree = "<group>"; };
		244C0A812F8D3A2A0047102F /* BoxBoxNow.app */ = {isa = PBXFileReference; explicitFileType = wrapper.application; includeInIndex = 0; path = BoxBoxNow.app; sourceTree = BUILT_PRODUCTS_DIR; };
		2BD72A620151DBF945560B96 /* fifo_update.json */ = {isa = PBXFileReference; includeInIndex = 1; path = fifo_update.json; sourceTree = "<group>"; };
		39360E9737FD8F36A30DA8DF /* MockKeychainHelper.swift */ = {isa = PBXFileReference; includeInIndex = 1; lastKnownFileType = sourcecode.swift; path = MockKeychainHelper.swift; sourceTree = "<group>"; };
		3E34F3AC93FC3FE75EB9179E /* RaceService.swift */ = {isa = PBXFileReference; includeInIndex = 1; lastKnownFileType = sourcecode.swift; path = RaceService.swift; sourceTree = "<group>"; };
		3E485FA80390A19423F682CF /* APIClient+Dashboard.swift */ = {isa = PBXFileReference; includeInIndex = 1; lastKnownFileType = sourcecode.swift; path = "APIClient+Dashboard.swift"; sourceTree = "<group>"; };
		4132D5E13DE7435DACF4F43C /* BoxBoxNowDashboardTests.xctest */ = {isa = PBXFileReference; explicitFileType = wrapper.cfbundle; includeInIndex = 0; name = BoxBoxNowDashboardTests.xctest; path = BoxBoxNowDashboardTests.xctest; sourceTree = BUILT_PRODUCTS_DIR; };
		4A4A8BF665A9FAAAD621DCD4 /* RaceSnapshot.swift */ = {isa = PBXFileReference; includeInIndex = 1; lastKnownFileType = sourcecode.swift; path = RaceSnapshot.swift; sourceTree = "<group>"; };
		50AC16025237E1E494C9D5A0 /* WsUpdateEvent.swift */ = {isa = PBXFileReference; includeInIndex = 1; lastKnownFileType = sourcecode.swift; path = WsUpdateEvent.swift; sourceTree = "<group>"; };
		53D95657E1ADF2BB1647C14F /* BoxBoxNowDashboard.app */ = {isa = PBXFileReference; explicitFileType = wrapper.application; includeInIndex = 0; path = BoxBoxNowDashboard.app; sourceTree = BUILT_PRODUCTS_DIR; };
		59229E2D110C6F146EBCEC97 /* JSONValue.swift */ = {isa = PBXFileReference; includeInIndex = 1; lastKnownFileType = sourcecode.swift; path = JSONValue.swift; sourceTree = "<group>"; };
		5A2BD764B4C6A8A7EEE66A8B /* BBNEmptyState.swift */ = {isa = PBXFileReference; includeInIndex = 1; lastKnownFileType = sourcecode.swift; path = BBNEmptyState.swift; sourceTree = "<group>"; };
		5A3BD6BD01F9F40B0AD06A31 /* DeviceSession.swift */ = {isa = PBXFileReference; includeInIndex = 1; lastKnownFileType = sourcecode.swift; path = DeviceSession.swift; sourceTree = "<group>"; };
		5BE45342DDC9620ABADDBF44 /* BBNNumericField.swift */ = {isa = PBXFileReference; includeInIndex = 1; lastKnownFileType = sourcecode.swift; path = BBNNumericField.swift; sourceTree = "<group>"; };
		5C5F5056B5407DAD1552A229 /* UserListItem.swift */ = {isa = PBXFileReference; includeInIndex = 1; lastKnownFileType = sourcecode.swift; path = UserListItem.swift; sourceTree = "<group>"; };
		5EF849D96B812EF5AE75AA99 /* RaceWebSocketClient.swift */ = {isa = PBXFileReference; includeInIndex = 1; lastKnownFileType = sourcecode.swift; path = RaceWebSocketClient.swift; sourceTree = "<group>"; };
		6119E6C3C7B8C120381BC458 /* WsMessage.swift */ = {isa = PBXFileReference; includeInIndex = 1; lastKnownFileType = sourcecode.swift; path = WsMessage.swift; sourceTree = "<group>"; };
		6450E4BD57F2989352AFB301 /* AuthStore.swift */ = {isa = PBXFileReference; includeInIndex = 1; lastKnownFileType = sourcecode.swift; path = AuthStore.swift; sourceTree = "<group>"; };
		64D3260E44ADE5768F10CAEF /* AuthStoreStateMachineTests.swift */ = {isa = PBXFileReference; includeInIndex = 1; lastKnownFileType = sourcecode.swift; path = AuthStoreStateMachineTests.swift; sourceTree = "<group>"; };
		69DE783EB983464BB83A5B56 /* ReplayStatus.swift */ = {isa = PBXFileReference; includeInIndex = 1; lastKnownFileType = sourcecode.swift; path = ReplayStatus.swift; sourceTree = "<group>"; };
		6DFEE1E2E80BCB61D4D15B11 /* WsUpdateEventTests.swift */ = {isa = PBXFileReference; includeInIndex = 1; lastKnownFileType = sourcecode.swift; path = WsUpdateEventTests.swift; sourceTree = "<group>"; };
		79E30CAE14869C40E9C22A70 /* SharedModelExtensionsTests.swift */ = {isa = PBXFileReference; includeInIndex = 1; lastKnownFileType = sourcecode.swift; path = SharedModelExtensionsTests.swift; sourceTree = "<group>"; };
		835130EAF2454A3C8D55C1A1 /* FifoEntry.swift */ = {isa = PBXFileReference; includeInIndex = 1; lastKnownFileType = sourcecode.swift; path = FifoEntry.swift; sourceTree = "<group>"; };
		8B27F23A1CCCF192DCDFC293 /* KeychainProtocol.swift */ = {isa = PBXFileReference; includeInIndex = 1; lastKnownFileType = sourcecode.swift; path = KeychainProtocol.swift; sourceTree = "<group>"; };
		8F0761AFE0F86F8EA9447381 /* PublicService.swift */ = {isa = PBXFileReference; includeInIndex = 1; lastKnownFileType = sourcecode.swift; path = PublicService.swift; sourceTree = "<group>"; };
		96B3268BFEF3AF7F2526CBD8 /* FifoSnapshot.swift */ = {isa = PBXFileReference; includeInIndex = 1; lastKnownFileType = sourcecode.swift; path = FifoSnapshot.swift; sourceTree = "<group>"; };
		A7814A1631861CA7D179CA18 /* MockAuthService.swift */ = {isa = PBXFileReference; includeInIndex = 1; lastKnownFileType = sourcecode.swift; path = MockAuthService.swift; sourceTree = "<group>"; };
		AB4502BAB3CE61EC1C3DE376 /* RaceWebSocketClientTests.swift */ = {isa = PBXFileReference; includeInIndex = 1; lastKnownFileType = sourcecode.swift; path = RaceWebSocketClientTests.swift; sourceTree = "<group>"; };
		AE9B41368B3473E19EEEE5CE /* APIClientDashboardTests.swift */ = {isa = PBXFileReference; includeInIndex = 1; lastKnownFileType = sourcecode.swift; path = APIClientDashboardTests.swift; sourceTree = "<group>"; };
		B37F20E81BB1582179DFDA9B /* replay_status.json */ = {isa = PBXFileReference; includeInIndex = 1; path = replay_status.json; sourceTree = "<group>"; };
		B978CAD275F81D34EC842DD0 /* BoxBoxNowDashboardUITests.xctest */ = {isa = PBXFileReference; explicitFileType = wrapper.cfbundle; includeInIndex = 0; name = BoxBoxNowDashboardUITests.xctest; path = .xctest; sourceTree = BUILT_PRODUCTS_DIR; };
		BC97D4B59A8484A2E32DE90A /* BBNTierBadge.swift */ = {isa = PBXFileReference; includeInIndex = 1; lastKnownFileType = sourcecode.swift; path = BBNTierBadge.swift; sourceTree = "<group>"; };
		BD90191EE4504727D0DC9F2D /* DecodeFixturesTests.swift */ = {isa = PBXFileReference; includeInIndex = 1; lastKnownFileType = sourcecode.swift; path = DecodeFixturesTests.swift; sourceTree = "<group>"; };
		C29D186C97F4930A74ABA6FA /* MockURLProtocol.swift */ = {isa = PBXFileReference; includeInIndex = 1; lastKnownFileType = sourcecode.swift; path = MockURLProtocol.swift; sourceTree = "<group>"; };
		C2C533B2DA82843B7A10971F /* Foundation.framework */ = {isa = PBXFileReference; lastKnownFileType = wrapper.framework; name = Foundation.framework; path = Platforms/iPhoneOS.platform/Developer/SDKs/iPhoneOS18.0.sdk/System/Library/Frameworks/Foundation.framework; sourceTree = DEVELOPER_DIR; };
		C5C978D3BC578AC4BF0A3167 /* ConfigService.swift */ = {isa = PBXFileReference; includeInIndex = 1; lastKnownFileType = sourcecode.swift; path = ConfigService.swift; sourceTree = "<group>"; };
		D41CC5B26F70B3489AE2E8AD /* PlatformMetrics.swift */ = {isa = PBXFileReference; includeInIndex = 1; lastKnownFileType = sourcecode.swift; path = PlatformMetrics.swift; sourceTree = "<group>"; };
		D4D0BC5623AC1BB7C474B769 /* KartState+Dashboard.swift */ = {isa = PBXFileReference; includeInIndex = 1; lastKnownFileType = sourcecode.swift; path = "KartState+Dashboard.swift"; sourceTree = "<group>"; };
		D9C3CD543925C6B9AB750C60 /* FixtureLoader.swift */ = {isa = PBXFileReference; includeInIndex = 1; lastKnownFileType = sourcecode.swift; path = FixtureLoader.swift; sourceTree = "<group>"; };
		DA50485A6E7EDADD652C23E9 /* BBNCard.swift */ = {isa = PBXFileReference; includeInIndex = 1; lastKnownFileType = sourcecode.swift; path = BBNCard.swift; sourceTree = "<group>"; };
		DC2AB5820A74FC7D77F31256 /* BoxBoxNowDashboardApp.swift */ = {isa = PBXFileReference; includeInIndex = 1; lastKnownFileType = sourcecode.swift; path = BoxBoxNowDashboardApp.swift; sourceTree = "<group>"; };
		DC4353D02B94C87B0136798F /* AdminService.swift */ = {isa = PBXFileReference; includeInIndex = 1; lastKnownFileType = sourcecode.swift; path = AdminService.swift; sourceTree = "<group>"; };
		E569E3B298818FA60DE45660 /* BBNSection.swift */ = {isa = PBXFileReference; includeInIndex = 1; lastKnownFileType = sourcecode.swift; path = BBNSection.swift; sourceTree = "<group>"; };
		E91DEE2D48BD5F5C1C9E1D07 /* FifoState.swift */ = {isa = PBXFileReference; includeInIndex = 1; lastKnownFileType = sourcecode.swift; path = FifoState.swift; sourceTree = "<group>"; };
		ED03ED34CD17D732029ADE58 /* PitRecord.swift */ = {isa = PBXFileReference; includeInIndex = 1; lastKnownFileType = sourcecode.swift; path = PitRecord.swift; sourceTree = "<group>"; };
		F12229FCE4736357FC38AC5D /* BBNToast.swift */ = {isa = PBXFileReference; includeInIndex = 1; lastKnownFileType = sourcecode.swift; path = BBNToast.swift; sourceTree = "<group>"; };
		F205186513E7161023210D38 /* kart_state_extended.json */ = {isa = PBXFileReference; includeInIndex = 1; path = kart_state_extended.json; sourceTree = "<group>"; };
		F26D9D1C4A0C580FF84AF5CA /* JSONValueTests.swift */ = {isa = PBXFileReference; includeInIndex = 1; lastKnownFileType = sourcecode.swift; path = JSONValueTests.swift; sourceTree = "<group>"; };
		FF9191539843FAF88AD2810E /* snapshot.json */ = {isa = PBXFileReference; includeInIndex = 1; path = snapshot.json; sourceTree = "<group>"; };
/* End PBXFileReference section */

/* Begin PBXFileSystemSynchronizedBuildFileExceptionSet section */
		244C0AE52F8D3C090047102F /* Exceptions for "BoxBoxNow" folder in "BoxBoxNow" target */ = {
			isa = PBXFileSystemSynchronizedBuildFileExceptionSet;
			membershipExceptions = (
				Resources/Info.plist,
			);
			target = 244C0A802F8D3A2A0047102F /* BoxBoxNow */;
		};
/* End PBXFileSystemSynchronizedBuildFileExceptionSet section */

/* Begin PBXFileSystemSynchronizedRootGroup section */
		14C1079D210221371A8FA163 /* Shared */ = {
			isa = PBXFileSystemSynchronizedRootGroup;
			exceptions = (
			);
			path = Shared;
			sourceTree = "<group>";
		};
		244C0A832F8D3A2A0047102F /* BoxBoxNow */ = {
			isa = PBXFileSystemSynchronizedRootGroup;
			exceptions = (
				244C0AE52F8D3C090047102F /* Exceptions for "BoxBoxNow" folder in "BoxBoxNow" target */,
			);
			path = BoxBoxNow;
			sourceTree = "<group>";
		};
/* End PBXFileSystemSynchronizedRootGroup section */

/* Begin PBXFrameworksBuildPhase section */
		244C0A7E2F8D3A2A0047102F /* Frameworks */ = {
			isa = PBXFrameworksBuildPhase;
			buildActionMask = 2147483647;
			files = (
			);
			runOnlyForDeploymentPostprocessing = 0;
		};
		415F6C6A7F2247113B807F6C /* Frameworks */ = {
			isa = PBXFrameworksBuildPhase;
			buildActionMask = 2147483647;
			files = (
				6A306500092801DB65E90E25 /* Foundation.framework in Frameworks */,
			);
			runOnlyForDeploymentPostprocessing = 0;
		};
		686DB7FE0E97F23C391D6C8E /* Frameworks */ = {
			isa = PBXFrameworksBuildPhase;
			buildActionMask = 2147483647;
			files = (
				9ACC87C64B0B9BFBD25BC818 /* Foundation.framework in Frameworks */,
			);
			runOnlyForDeploymentPostprocessing = 0;
		};
		B218F78FB221A608BBABCE0C /* Frameworks */ = {
			isa = PBXFrameworksBuildPhase;
			buildActionMask = 2147483647;
			files = (
				C4BEB02FBD94EFF88B830694 /* Foundation.framework in Frameworks */,
			);
			runOnlyForDeploymentPostprocessing = 0;
		};
/* End PBXFrameworksBuildPhase section */

/* Begin PBXGroup section */
		1F6040C68E2D19B409DBA909 /* Components */ = {
			isa = PBXGroup;
			children = (
				DA50485A6E7EDADD652C23E9 /* BBNCard.swift */,
				0B7287D32B32CF5CB8CF88CC /* BBNPrimaryButton.swift */,
				0C87B55B13B78A1D126F7C8C /* BBNSecondaryButton.swift */,
				16ADD04E208136B7F7652CFB /* BBNStatusDot.swift */,
				BC97D4B59A8484A2E32DE90A /* BBNTierBadge.swift */,
				E569E3B298818FA60DE45660 /* BBNSection.swift */,
				5BE45342DDC9620ABADDBF44 /* BBNNumericField.swift */,
				5A2BD764B4C6A8A7EEE66A8B /* BBNEmptyState.swift */,
				19AB82D71D21F2C68C0F05AD /* BBNLoadingOverlay.swift */,
				F12229FCE4736357FC38AC5D /* BBNToast.swift */,
			);
			name = Components;
			path = Components;
			sourceTree = "<group>";
		};
		244C0A782F8D3A2A0047102F = {
			isa = PBXGroup;
			children = (
				244C0A832F8D3A2A0047102F /* BoxBoxNow */,
				244C0A822F8D3A2A0047102F /* Products */,
				6DA2DEE9AC55C61895B71D0E /* Frameworks */,
				79151AA7EC142F3FA42398AE /* BoxBoxNowDashboard */,
				14C1079D210221371A8FA163 /* Shared */,
				3CC268C9A5A02F9BBAB1C276 /* BoxBoxNowDashboardTests */,
			);
			sourceTree = "<group>";
		};
		244C0A822F8D3A2A0047102F /* Products */ = {
			isa = PBXGroup;
			children = (
				244C0A812F8D3A2A0047102F /* BoxBoxNow.app */,
				53D95657E1ADF2BB1647C14F /* BoxBoxNowDashboard.app */,
				4132D5E13DE7435DACF4F43C /* BoxBoxNowDashboardTests.xctest */,
				B978CAD275F81D34EC842DD0 /* BoxBoxNowDashboardUITests.xctest */,
			);
			name = Products;
			sourceTree = "<group>";
		};
		3CC268C9A5A02F9BBAB1C276 /* BoxBoxNowDashboardTests */ = {
			isa = PBXGroup;
			children = (
				52FFFF66EB6F73E27D1B037A /* Models */,
				C034E987FE4E8DE5E4EAB00F /* Fixtures */,
				44462D27036B1EEB8536DA54 /* Helpers */,
				F3214C676C7DC30EB8958FBD /* Services */,
				C0799A27CA19969AD9077E64 /* Stores */,
			);
			name = BoxBoxNowDashboardTests;
			path = BoxBoxNowDashboardTests;
			sourceTree = "<group>";
		};
		44462D27036B1EEB8536DA54 /* Helpers */ = {
			isa = PBXGroup;
			children = (
				D9C3CD543925C6B9AB750C60 /* FixtureLoader.swift */,
				C29D186C97F4930A74ABA6FA /* MockURLProtocol.swift */,
				0C7CEE6557A432E12F92C4C1 /* MockRaceWebSocketClient.swift */,
				A7814A1631861CA7D179CA18 /* MockAuthService.swift */,
				39360E9737FD8F36A30DA8DF /* MockKeychainHelper.swift */,
			);
			name = Helpers;
			path = Helpers;
			sourceTree = "<group>";
		};
		4E5E297ABEF5039AC38C4B23 /* Stores */ = {
			isa = PBXGroup;
			children = (
				6450E4BD57F2989352AFB301 /* AuthStore.swift */,
			);
			name = Stores;
			path = Stores;
			sourceTree = "<group>";
		};
		52FFFF66EB6F73E27D1B037A /* Models */ = {
			isa = PBXGroup;
			children = (
				79E30CAE14869C40E9C22A70 /* SharedModelExtensionsTests.swift */,
				F26D9D1C4A0C580FF84AF5CA /* JSONValueTests.swift */,
				6DFEE1E2E80BCB61D4D15B11 /* WsUpdateEventTests.swift */,
				BD90191EE4504727D0DC9F2D /* DecodeFixturesTests.swift */,
			);
			name = Models;
			path = Models;
			sourceTree = "<group>";
		};
		6DA2DEE9AC55C61895B71D0E /* Frameworks */ = {
			isa = PBXGroup;
			children = (
				9ABAB475B30569560153F162 /* iOS */,
			);
			name = Frameworks;
			sourceTree = "<group>";
		};
		79151AA7EC142F3FA42398AE /* BoxBoxNowDashboard */ = {
			isa = PBXGroup;
			children = (
				7D68E450CC8EFF592749FA12 /* App */,
				F3BA989C68055B8BC3E82680 /* Models */,
				CF7A40DA7FA63D373470007B /* Design */,
				EC9CE3782DBFBDECEC97FCA9 /* Services */,
				4E5E297ABEF5039AC38C4B23 /* Stores */,
			);
			name = BoxBoxNowDashboard;
			path = BoxBoxNowDashboard;
			sourceTree = "<group>";
		};
		7D68E450CC8EFF592749FA12 /* App */ = {
			isa = PBXGroup;
			children = (
				DC2AB5820A74FC7D77F31256 /* BoxBoxNowDashboardApp.swift */,
			);
			name = App;
			path = App;
			sourceTree = "<group>";
		};
		9ABAB475B30569560153F162 /* iOS */ = {
			isa = PBXGroup;
			children = (
				C2C533B2DA82843B7A10971F /* Foundation.framework */,
			);
			name = iOS;
			sourceTree = "<group>";
		};
		C034E987FE4E8DE5E4EAB00F /* Fixtures */ = {
			isa = PBXGroup;
			children = (
				F205186513E7161023210D38 /* kart_state_extended.json */,
				FF9191539843FAF88AD2810E /* snapshot.json */,
				236D0520DA0FEFD14CD4AEF5 /* update.json */,
				2BD72A620151DBF945560B96 /* fifo_update.json */,
				B37F20E81BB1582179DFDA9B /* replay_status.json */,
			);
			name = Fixtures;
			path = Fixtures;
			sourceTree = "<group>";
		};
		C0799A27CA19969AD9077E64 /* Stores */ = {
			isa = PBXGroup;
			children = (
				64D3260E44ADE5768F10CAEF /* AuthStoreStateMachineTests.swift */,
			);
			name = Stores;
			path = Stores;
			sourceTree = "<group>";
		};
		CF7A40DA7FA63D373470007B /* Design */ = {
			isa = PBXGroup;
			children = (
				003B0EE2019A297341BE3956 /* BBNColors.swift */,
				11FF2A2767E16F4B71E59B7A /* BBNTypography.swift */,
				1F6040C68E2D19B409DBA909 /* Components */,
			);
			name = Design;
			path = Design;
			sourceTree = "<group>";
		};
		EC9CE3782DBFBDECEC97FCA9 /* Services */ = {
			isa = PBXGroup;
			children = (
				3E485FA80390A19423F682CF /* APIClient+Dashboard.swift */,
				0C59CBF0B27A03B35E925A98 /* AuthService.swift */,
				3E34F3AC93FC3FE75EB9179E /* RaceService.swift */,
				C5C978D3BC578AC4BF0A3167 /* ConfigService.swift */,
				DC4353D02B94C87B0136798F /* AdminService.swift */,
				8F0761AFE0F86F8EA9447381 /* PublicService.swift */,
				5EF849D96B812EF5AE75AA99 /* RaceWebSocketClient.swift */,
				8B27F23A1CCCF192DCDFC293 /* KeychainProtocol.swift */,
			);
			name = Services;
			path = Services;
			sourceTree = "<group>";
		};
		F3214C676C7DC30EB8958FBD /* Services */ = {
			isa = PBXGroup;
			children = (
				AE9B41368B3473E19EEEE5CE /* APIClientDashboardTests.swift */,
				AB4502BAB3CE61EC1C3DE376 /* RaceWebSocketClientTests.swift */,
			);
			name = Services;
			path = Services;
			sourceTree = "<group>";
		};
		F3BA989C68055B8BC3E82680 /* Models */ = {
			isa = PBXGroup;
			children = (
				D4D0BC5623AC1BB7C474B769 /* KartState+Dashboard.swift */,
				59229E2D110C6F146EBCEC97 /* JSONValue.swift */,
				ED03ED34CD17D732029ADE58 /* PitRecord.swift */,
				835130EAF2454A3C8D55C1A1 /* FifoEntry.swift */,
				E91DEE2D48BD5F5C1C9E1D07 /* FifoState.swift */,
				96B3268BFEF3AF7F2526CBD8 /* FifoSnapshot.swift */,
				23CAB0D3FBBB6BF2C7A7386F /* ClassificationEntry.swift */,
				4A4A8BF665A9FAAAD621DCD4 /* RaceSnapshot.swift */,
				50AC16025237E1E494C9D5A0 /* WsUpdateEvent.swift */,
				6119E6C3C7B8C120381BC458 /* WsMessage.swift */,
				69DE783EB983464BB83A5B56 /* ReplayStatus.swift */,
				5A3BD6BD01F9F40B0AD06A31 /* DeviceSession.swift */,
				5C5F5056B5407DAD1552A229 /* UserListItem.swift */,
				D41CC5B26F70B3489AE2E8AD /* PlatformMetrics.swift */,
			);
			name = Models;
			path = Models;
			sourceTree = "<group>";
		};
/* End PBXGroup section */

/* Begin PBXNativeTarget section */
		03C4AE6E5EA25A62ECD8CF14 /* BoxBoxNowDashboardTests */ = {
			isa = PBXNativeTarget;
			buildConfigurationList = E7E68FC72F3B0F24480A8ADC /* Build configuration list for PBXNativeTarget "BoxBoxNowDashboardTests" */;
			buildPhases = (
				A1B02E70345C5BB45194BE9B /* Sources */,
				686DB7FE0E97F23C391D6C8E /* Frameworks */,
				E6BAD099884103D7FD76318C /* Resources */,
			);
			buildRules = (
			);
			dependencies = (
				9C588804C3CA61EC48C848D7 /* PBXTargetDependency */,
			);
			name = BoxBoxNowDashboardTests;
			productName = BoxBoxNowDashboardTests;
			productReference = 4132D5E13DE7435DACF4F43C /* BoxBoxNowDashboardTests.xctest */;
			productType = "com.apple.product-type.bundle.unit-test";
		};
		061208C358105A983F07D5E6 /* BoxBoxNowDashboard */ = {
			isa = PBXNativeTarget;
			buildConfigurationList = 8A5F8D5D0F909AC5B9774B03 /* Build configuration list for PBXNativeTarget "BoxBoxNowDashboard" */;
			buildPhases = (
				C18EE7E53318666422264824 /* Sources */,
				415F6C6A7F2247113B807F6C /* Frameworks */,
				FEED8132E382F68AD95FA5F5 /* Resources */,
			);
			buildRules = (
			);
			dependencies = (
			);
			fileSystemSynchronizedGroups = (
				14C1079D210221371A8FA163 /* Shared */,
			);
			name = BoxBoxNowDashboard;
			productName = BoxBoxNowDashboard;
			productReference = 53D95657E1ADF2BB1647C14F /* BoxBoxNowDashboard.app */;
			productType = "com.apple.product-type.application";
		};
		244C0A802F8D3A2A0047102F /* BoxBoxNow */ = {
			isa = PBXNativeTarget;
			buildConfigurationList = 244C0A8C2F8D3A2C0047102F /* Build configuration list for PBXNativeTarget "BoxBoxNow" */;
			buildPhases = (
				244C0A7D2F8D3A2A0047102F /* Sources */,
				244C0A7E2F8D3A2A0047102F /* Frameworks */,
				244C0A7F2F8D3A2A0047102F /* Resources */,
			);
			buildRules = (
			);
			dependencies = (
			);
			fileSystemSynchronizedGroups = (
				244C0A832F8D3A2A0047102F /* BoxBoxNow */,
				14C1079D210221371A8FA163 /* Shared */,
			);
			name = BoxBoxNow;
			productName = BoxBoxNow;
			productReference = 244C0A812F8D3A2A0047102F /* BoxBoxNow.app */;
			productType = "com.apple.product-type.application";
		};
		786AA2F857BF6166460B1BFD /* BoxBoxNowDashboardUITests */ = {
			isa = PBXNativeTarget;
			buildConfigurationList = B94410C78A168B87D30F2BA8 /* Build configuration list for PBXNativeTarget "BoxBoxNowDashboardUITests" */;
			buildPhases = (
				15CCB5CB4F9B0E5CF3C21635 /* Sources */,
				B218F78FB221A608BBABCE0C /* Frameworks */,
				7295167385084CAA5B3AD736 /* Resources */,
			);
			buildRules = (
			);
			dependencies = (
				0F3218180E58E35D8EDE75F6 /* PBXTargetDependency */,
			);
			name = BoxBoxNowDashboardUITests;
			productName = BoxBoxNowDashboardUITests;
			productReference = B978CAD275F81D34EC842DD0 /* BoxBoxNowDashboardUITests.xctest */;
			productType = "com.apple.product-type.bundle.ui-testing";
		};
/* End PBXNativeTarget section */

/* Begin PBXProject section */
		244C0A792F8D3A2A0047102F /* Project object */ = {
			isa = PBXProject;
			attributes = {
				BuildIndependentTargetsInParallel = 1;
				LastSwiftUpdateCheck = 2640;
				LastUpgradeCheck = 2640;
				TargetAttributes = {
					244C0A802F8D3A2A0047102F = {
						CreatedOnToolsVersion = 26.4;
					};
				};
			};
			buildConfigurationList = 244C0A7C2F8D3A2A0047102F /* Build configuration list for PBXProject "BoxBoxNow" */;
			developmentRegion = en;
			hasScannedForEncodings = 0;
			knownRegions = (
				en,
				Base,
			);
			mainGroup = 244C0A782F8D3A2A0047102F;
			minimizedProjectReferenceProxies = 1;
			preferredProjectObjectVersion = 77;
			productRefGroup = 244C0A822F8D3A2A0047102F /* Products */;
			projectDirPath = "";
			projectRoot = "";
			targets = (
				244C0A802F8D3A2A0047102F /* BoxBoxNow */,
				061208C358105A983F07D5E6 /* BoxBoxNowDashboard */,
				03C4AE6E5EA25A62ECD8CF14 /* BoxBoxNowDashboardTests */,
				786AA2F857BF6166460B1BFD /* BoxBoxNowDashboardUITests */,
			);
		};
/* End PBXProject section */

/* Begin PBXResourcesBuildPhase section */
		244C0A7F2F8D3A2A0047102F /* Resources */ = {
			isa = PBXResourcesBuildPhase;
			buildActionMask = 2147483647;
			files = (
			);
			runOnlyForDeploymentPostprocessing = 0;
		};
		7295167385084CAA5B3AD736 /* Resources */ = {
			isa = PBXResourcesBuildPhase;
			buildActionMask = 2147483647;
			files = (
			);
			runOnlyForDeploymentPostprocessing = 0;
		};
		E6BAD099884103D7FD76318C /* Resources */ = {
			isa = PBXResourcesBuildPhase;
			buildActionMask = 2147483647;
			files = (
				E5636489B335E0A6D27C41DD /* kart_state_extended.json in Resources */,
				01C6FB8BF0F29CFCC4D4F582 /* snapshot.json in Resources */,
				E938A0BB87913D93115DB2FE /* update.json in Resources */,
				64AA66966CCDE54763CA37FE /* fifo_update.json in Resources */,
				108A1079BB932315AE85174F /* replay_status.json in Resources */,
			);
			runOnlyForDeploymentPostprocessing = 0;
		};
		FEED8132E382F68AD95FA5F5 /* Resources */ = {
			isa = PBXResourcesBuildPhase;
			buildActionMask = 2147483647;
			files = (
			);
			runOnlyForDeploymentPostprocessing = 0;
		};
/* End PBXResourcesBuildPhase section */

/* Begin PBXSourcesBuildPhase section */
		15CCB5CB4F9B0E5CF3C21635 /* Sources */ = {
			isa = PBXSourcesBuildPhase;
			buildActionMask = 2147483647;
			files = (
			);
			runOnlyForDeploymentPostprocessing = 0;
		};
		244C0A7D2F8D3A2A0047102F /* Sources */ = {
			isa = PBXSourcesBuildPhase;
			buildActionMask = 2147483647;
			files = (
			);
			runOnlyForDeploymentPostprocessing = 0;
		};
		A1B02E70345C5BB45194BE9B /* Sources */ = {
			isa = PBXSourcesBuildPhase;
			buildActionMask = 2147483647;
			files = (
				B0750A3EE3397107E1B0AFA5 /* SharedModelExtensionsTests.swift in Sources */,
				33B68322DA07AEED6F7B515A /* JSONValueTests.swift in Sources */,
				7E41824EE7ABA55AEA8B57F9 /* WsUpdateEventTests.swift in Sources */,
				89C6B39F3A6C4109D2BBCBD4 /* FixtureLoader.swift in Sources */,
				D3176DA7E4B042103217B8A1 /* DecodeFixturesTests.swift in Sources */,
				9528E26F3EDDAFF7F8F84B58 /* MockURLProtocol.swift in Sources */,
				1A40A5D449E1B2308B404D70 /* APIClientDashboardTests.swift in Sources */,
				D982C51F6B58A36147A13779 /* MockRaceWebSocketClient.swift in Sources */,
				1D0D179E0535E0D16F07EA59 /* RaceWebSocketClientTests.swift in Sources */,
				FDDC6047C2526C75C03565E1 /* MockAuthService.swift in Sources */,
				DCEF1D89165A2B67E2FD8CB9 /* MockKeychainHelper.swift in Sources */,
				841FA937AA3BA58C150FD290 /* AuthStoreStateMachineTests.swift in Sources */,
			);
			runOnlyForDeploymentPostprocessing = 0;
		};
		C18EE7E53318666422264824 /* Sources */ = {
			isa = PBXSourcesBuildPhase;
			buildActionMask = 2147483647;
			files = (
				140684EF36EE17EF914B3C4E /* BoxBoxNowDashboardApp.swift in Sources */,
				869271EFDCD0929F85F5421A /* KartState+Dashboard.swift in Sources */,
				A2821609E7D7D5D10A89F78E /* BBNColors.swift in Sources */,
				6E9B28881723E58E990AF783 /* BBNTypography.swift in Sources */,
				32370AE437BF27AA40BAEFD6 /* BBNCard.swift in Sources */,
				4B7F9D4D6052E11D6C583A9E /* BBNPrimaryButton.swift in Sources */,
				841B83B318959F4EB40C7C9E /* BBNSecondaryButton.swift in Sources */,
				CA24B295C83006D2F2AE881F /* BBNStatusDot.swift in Sources */,
				911AF43F10BAF48C01A715E1 /* BBNTierBadge.swift in Sources */,
				AC0AEDB26882D3FE32FED1A9 /* BBNSection.swift in Sources */,
				667D374AD78D3FE1FED7ABCA /* BBNNumericField.swift in Sources */,
				470E821102349844D4948ED1 /* BBNEmptyState.swift in Sources */,
				B5D31F026F268562DE2B275A /* BBNLoadingOverlay.swift in Sources */,
				2DE6A83752A10AF7CBF04EAB /* BBNToast.swift in Sources */,
				629BE3974689719A386358BB /* JSONValue.swift in Sources */,
				E15680155663A52D76787AA0 /* PitRecord.swift in Sources */,
				5E60E50BDE546299494CA626 /* FifoEntry.swift in Sources */,
				152F197498E3285BA362AE71 /* FifoState.swift in Sources */,
				B95EA2593974CC92C6649394 /* FifoSnapshot.swift in Sources */,
				024D8DBEE10FB2698F35DCF3 /* ClassificationEntry.swift in Sources */,
				1CA18F6940832DEE70895997 /* RaceSnapshot.swift in Sources */,
				F997C9767BE7B0B12ADC4B9D /* WsUpdateEvent.swift in Sources */,
				4F8993BE8C39E12AABA1FFBC /* WsMessage.swift in Sources */,
				B4A973259304816BCD25287D /* ReplayStatus.swift in Sources */,
				A6D44B5BA43504D9202B02E9 /* DeviceSession.swift in Sources */,
				1FB3D7DAD8A0EB3E24B7CA78 /* APIClient+Dashboard.swift in Sources */,
				A7EA8935429FA5467CE5A285 /* AuthService.swift in Sources */,
				89911E15E6A83AFAD3A364AB /* RaceService.swift in Sources */,
				F6B3E87A922E83EFF57EFDAA /* ConfigService.swift in Sources */,
				5A79AE48FDA736229E3D7CD2 /* AdminService.swift in Sources */,
				11636BFF83B325BDD662F6FA /* PublicService.swift in Sources */,
				AC3D0AE39C6B8185CE796FFE /* UserListItem.swift in Sources */,
				188765FB1A4BED5827DC57C6 /* PlatformMetrics.swift in Sources */,
				90FAB080C9AEB53370AF380A /* RaceWebSocketClient.swift in Sources */,
				B276E659F7DEE02AE658F709 /* KeychainProtocol.swift in Sources */,
				291DFB0EFA081CA4709978AF /* AuthStore.swift in Sources */,
			);
			runOnlyForDeploymentPostprocessing = 0;
		};
/* End PBXSourcesBuildPhase section */

/* Begin PBXTargetDependency section */
		0F3218180E58E35D8EDE75F6 /* PBXTargetDependency */ = {
			isa = PBXTargetDependency;
			name = BoxBoxNowDashboard;
			target = 061208C358105A983F07D5E6 /* BoxBoxNowDashboard */;
			targetProxy = 3B16F56063F165E9A12316A3 /* PBXContainerItemProxy */;
		};
		9C588804C3CA61EC48C848D7 /* PBXTargetDependency */ = {
			isa = PBXTargetDependency;
			name = BoxBoxNowDashboard;
			target = 061208C358105A983F07D5E6 /* BoxBoxNowDashboard */;
			targetProxy = 662324416A384F7C46E58E4C /* PBXContainerItemProxy */;
		};
/* End PBXTargetDependency section */

/* Begin XCBuildConfiguration section */
		0A2F3387272FC15E70A52B5B /* Debug */ = {
			isa = XCBuildConfiguration;
			buildSettings = {
				CLANG_ENABLE_OBJC_WEAK = NO;
				GENERATE_INFOPLIST_FILE = YES;
				IPHONEOS_DEPLOYMENT_TARGET = 17.0;
				PRODUCT_BUNDLE_IDENTIFIER = com.jizcue.BoxBoxNowDashboard.uitests;
				SDKROOT = iphoneos;
				TARGETED_DEVICE_FAMILY = 2;
				TEST_TARGET_NAME = BoxBoxNowDashboard;
			};
			name = Debug;
		};
		126FFB11C08B285814B562EF /* Debug */ = {
			isa = XCBuildConfiguration;
			buildSettings = {
				ASSETCATALOG_COMPILER_APPICON_NAME = AppIcon;
				ASSETCATALOG_COMPILER_GLOBAL_ACCENT_COLOR_NAME = AccentColor;
				CLANG_ENABLE_OBJC_WEAK = NO;
				CODE_SIGN_ENTITLEMENTS = BoxBoxNowDashboard/BoxBoxNowDashboard.entitlements;
				CODE_SIGN_STYLE = Automatic;
				DEVELOPMENT_TEAM = "$(DEVELOPMENT_TEAM)";
				ENABLE_PREVIEWS = YES;
				GENERATE_INFOPLIST_FILE = NO;
				INFOPLIST_FILE = BoxBoxNowDashboard/Info.plist;
				IPHONEOS_DEPLOYMENT_TARGET = 17.0;
				LD_RUNPATH_SEARCH_PATHS = (
					"$(inherited)",
					"@executable_path/Frameworks",
				);
				PRODUCT_BUNDLE_IDENTIFIER = com.jizcue.BoxBoxNowDashboard;
				PRODUCT_NAME = "$(TARGET_NAME)";
				SDKROOT = iphoneos;
				SWIFT_VERSION = 5.0;
				TARGETED_DEVICE_FAMILY = 2;
			};
			name = Debug;
		};
		17C8E039D58BDF5E13157388 /* Release */ = {
			isa = XCBuildConfiguration;
			buildSettings = {
				ASSETCATALOG_COMPILER_APPICON_NAME = AppIcon;
				ASSETCATALOG_COMPILER_GLOBAL_ACCENT_COLOR_NAME = AccentColor;
				CLANG_ENABLE_OBJC_WEAK = NO;
				CODE_SIGN_ENTITLEMENTS = BoxBoxNowDashboard/BoxBoxNowDashboard.entitlements;
				CODE_SIGN_STYLE = Automatic;
				DEVELOPMENT_TEAM = "$(DEVELOPMENT_TEAM)";
				ENABLE_PREVIEWS = YES;
				GENERATE_INFOPLIST_FILE = NO;
				INFOPLIST_FILE = BoxBoxNowDashboard/Info.plist;
				IPHONEOS_DEPLOYMENT_TARGET = 17.0;
				LD_RUNPATH_SEARCH_PATHS = (
					"$(inherited)",
					"@executable_path/Frameworks",
				);
				PRODUCT_BUNDLE_IDENTIFIER = com.jizcue.BoxBoxNowDashboard;
				PRODUCT_NAME = "$(TARGET_NAME)";
				SDKROOT = iphoneos;
				SWIFT_VERSION = 5.0;
				TARGETED_DEVICE_FAMILY = 2;
				VALIDATE_PRODUCT = YES;
			};
			name = Release;
		};
		244C0A8A2F8D3A2C0047102F /* Debug */ = {
			isa = XCBuildConfiguration;
			buildSettings = {
				ALWAYS_SEARCH_USER_PATHS = NO;
				ASSETCATALOG_COMPILER_GENERATE_SWIFT_ASSET_SYMBOL_EXTENSIONS = YES;
				CLANG_ANALYZER_NONNULL = YES;
				CLANG_ANALYZER_NUMBER_OBJECT_CONVERSION = YES_AGGRESSIVE;
				CLANG_CXX_LANGUAGE_STANDARD = "gnu++20";
				CLANG_ENABLE_MODULES = YES;
				CLANG_ENABLE_OBJC_ARC = YES;
				CLANG_ENABLE_OBJC_WEAK = YES;
				CLANG_WARN_BLOCK_CAPTURE_AUTORELEASING = YES;
				CLANG_WARN_BOOL_CONVERSION = YES;
				CLANG_WARN_COMMA = YES;
				CLANG_WARN_CONSTANT_CONVERSION = YES;
				CLANG_WARN_DEPRECATED_OBJC_IMPLEMENTATIONS = YES;
				CLANG_WARN_DIRECT_OBJC_ISA_USAGE = YES_ERROR;
				CLANG_WARN_DOCUMENTATION_COMMENTS = YES;
				CLANG_WARN_EMPTY_BODY = YES;
				CLANG_WARN_ENUM_CONVERSION = YES;
				CLANG_WARN_INFINITE_RECURSION = YES;
				CLANG_WARN_INT_CONVERSION = YES;
				CLANG_WARN_NON_LITERAL_NULL_CONVERSION = YES;
				CLANG_WARN_OBJC_IMPLICIT_RETAIN_SELF = YES;
				CLANG_WARN_OBJC_LITERAL_CONVERSION = YES;
				CLANG_WARN_OBJC_ROOT_CLASS = YES_ERROR;
				CLANG_WARN_QUOTED_INCLUDE_IN_FRAMEWORK_HEADER = YES;
				CLANG_WARN_RANGE_LOOP_ANALYSIS = YES;
				CLANG_WARN_STRICT_PROTOTYPES = YES;
				CLANG_WARN_SUSPICIOUS_MOVE = YES;
				CLANG_WARN_UNGUARDED_AVAILABILITY = YES_AGGRESSIVE;
				CLANG_WARN_UNREACHABLE_CODE = YES;
				CLANG_WARN__DUPLICATE_METHOD_MATCH = YES;
				COPY_PHASE_STRIP = NO;
				DEBUG_INFORMATION_FORMAT = dwarf;
				ENABLE_STRICT_OBJC_MSGSEND = YES;
				ENABLE_TESTABILITY = YES;
				ENABLE_USER_SCRIPT_SANDBOXING = YES;
				GCC_C_LANGUAGE_STANDARD = gnu17;
				GCC_DYNAMIC_NO_PIC = NO;
				GCC_NO_COMMON_BLOCKS = YES;
				GCC_OPTIMIZATION_LEVEL = 0;
				GCC_PREPROCESSOR_DEFINITIONS = (
					"DEBUG=1",
					"$(inherited)",
				);
				GCC_WARN_64_TO_32_BIT_CONVERSION = YES;
				GCC_WARN_ABOUT_RETURN_TYPE = YES_ERROR;
				GCC_WARN_UNDECLARED_SELECTOR = YES;
				GCC_WARN_UNINITIALIZED_AUTOS = YES_AGGRESSIVE;
				GCC_WARN_UNUSED_FUNCTION = YES;
				GCC_WARN_UNUSED_VARIABLE = YES;
				IPHONEOS_DEPLOYMENT_TARGET = 26.4;
				LOCALIZATION_PREFERS_STRING_CATALOGS = YES;
				MTL_ENABLE_DEBUG_INFO = INCLUDE_SOURCE;
				MTL_FAST_MATH = YES;
				ONLY_ACTIVE_ARCH = YES;
				SDKROOT = iphoneos;
				SWIFT_ACTIVE_COMPILATION_CONDITIONS = "DEBUG $(inherited)";
				SWIFT_OPTIMIZATION_LEVEL = "-Onone";
			};
			name = Debug;
		};
		244C0A8B2F8D3A2C0047102F /* Release */ = {
			isa = XCBuildConfiguration;
			buildSettings = {
				ALWAYS_SEARCH_USER_PATHS = NO;
				ASSETCATALOG_COMPILER_GENERATE_SWIFT_ASSET_SYMBOL_EXTENSIONS = YES;
				CLANG_ANALYZER_NONNULL = YES;
				CLANG_ANALYZER_NUMBER_OBJECT_CONVERSION = YES_AGGRESSIVE;
				CLANG_CXX_LANGUAGE_STANDARD = "gnu++20";
				CLANG_ENABLE_MODULES = YES;
				CLANG_ENABLE_OBJC_ARC = YES;
				CLANG_ENABLE_OBJC_WEAK = YES;
				CLANG_WARN_BLOCK_CAPTURE_AUTORELEASING = YES;
				CLANG_WARN_BOOL_CONVERSION = YES;
				CLANG_WARN_COMMA = YES;
				CLANG_WARN_CONSTANT_CONVERSION = YES;
				CLANG_WARN_DEPRECATED_OBJC_IMPLEMENTATIONS = YES;
				CLANG_WARN_DIRECT_OBJC_ISA_USAGE = YES_ERROR;
				CLANG_WARN_DOCUMENTATION_COMMENTS = YES;
				CLANG_WARN_EMPTY_BODY = YES;
				CLANG_WARN_ENUM_CONVERSION = YES;
				CLANG_WARN_INFINITE_RECURSION = YES;
				CLANG_WARN_INT_CONVERSION = YES;
				CLANG_WARN_NON_LITERAL_NULL_CONVERSION = YES;
				CLANG_WARN_OBJC_IMPLICIT_RETAIN_SELF = YES;
				CLANG_WARN_OBJC_LITERAL_CONVERSION = YES;
				CLANG_WARN_OBJC_ROOT_CLASS = YES_ERROR;
				CLANG_WARN_QUOTED_INCLUDE_IN_FRAMEWORK_HEADER = YES;
				CLANG_WARN_RANGE_LOOP_ANALYSIS = YES;
				CLANG_WARN_STRICT_PROTOTYPES = YES;
				CLANG_WARN_SUSPICIOUS_MOVE = YES;
				CLANG_WARN_UNGUARDED_AVAILABILITY = YES_AGGRESSIVE;
				CLANG_WARN_UNREACHABLE_CODE = YES;
				CLANG_WARN__DUPLICATE_METHOD_MATCH = YES;
				COPY_PHASE_STRIP = NO;
				DEBUG_INFORMATION_FORMAT = "dwarf-with-dsym";
				ENABLE_NS_ASSERTIONS = NO;
				ENABLE_STRICT_OBJC_MSGSEND = YES;
				ENABLE_USER_SCRIPT_SANDBOXING = YES;
				GCC_C_LANGUAGE_STANDARD = gnu17;
				GCC_NO_COMMON_BLOCKS = YES;
				GCC_WARN_64_TO_32_BIT_CONVERSION = YES;
				GCC_WARN_ABOUT_RETURN_TYPE = YES_ERROR;
				GCC_WARN_UNDECLARED_SELECTOR = YES;
				GCC_WARN_UNINITIALIZED_AUTOS = YES_AGGRESSIVE;
				GCC_WARN_UNUSED_FUNCTION = YES;
				GCC_WARN_UNUSED_VARIABLE = YES;
				IPHONEOS_DEPLOYMENT_TARGET = 26.4;
				LOCALIZATION_PREFERS_STRING_CATALOGS = YES;
				MTL_ENABLE_DEBUG_INFO = NO;
				MTL_FAST_MATH = YES;
				SDKROOT = iphoneos;
				SWIFT_COMPILATION_MODE = wholemodule;
				VALIDATE_PRODUCT = YES;
			};
			name = Release;
		};
		244C0A8D2F8D3A2C0047102F /* Debug */ = {
			isa = XCBuildConfiguration;
			buildSettings = {
				ASSETCATALOG_COMPILER_APPICON_NAME = AppIcon;
				ASSETCATALOG_COMPILER_GLOBAL_ACCENT_COLOR_NAME = AccentColor;
				CODE_SIGN_ENTITLEMENTS = BoxBoxNow/BoxBoxNow.entitlements;
				CODE_SIGN_STYLE = Automatic;
				CURRENT_PROJECT_VERSION = 1;
				DEVELOPMENT_TEAM = 8HBXJXJC68;
				ENABLE_PREVIEWS = YES;
				GENERATE_INFOPLIST_FILE = NO;
				INFOPLIST_FILE = BoxBoxNow/Resources/Info.plist;
				INFOPLIST_KEY_UIApplicationSceneManifest_Generation = YES;
				INFOPLIST_KEY_UIApplicationSupportsIndirectInputEvents = YES;
				INFOPLIST_KEY_UILaunchScreen_Generation = YES;
				INFOPLIST_KEY_UISupportedInterfaceOrientations_iPad = "UIInterfaceOrientationPortrait UIInterfaceOrientationPortraitUpsideDown UIInterfaceOrientationLandscapeLeft UIInterfaceOrientationLandscapeRight";
				INFOPLIST_KEY_UISupportedInterfaceOrientations_iPhone = "UIInterfaceOrientationPortrait UIInterfaceOrientationLandscapeLeft UIInterfaceOrientationLandscapeRight";
				IPHONEOS_DEPLOYMENT_TARGET = 26.0;
				LD_RUNPATH_SEARCH_PATHS = (
					"$(inherited)",
					"@executable_path/Frameworks",
				);
				MARKETING_VERSION = 1.0;
				PRODUCT_BUNDLE_IDENTIFIER = com.jizcue.BoxBoxNow;
				PRODUCT_NAME = "$(TARGET_NAME)";
				STRING_CATALOG_GENERATE_SYMBOLS = YES;
				SWIFT_APPROACHABLE_CONCURRENCY = YES;
				SWIFT_DEFAULT_ACTOR_ISOLATION = MainActor;
				SWIFT_EMIT_LOC_STRINGS = YES;
				SWIFT_UPCOMING_FEATURE_MEMBER_IMPORT_VISIBILITY = YES;
				SWIFT_VERSION = 5.0;
				TARGETED_DEVICE_FAMILY = "1,2";
			};
			name = Debug;
		};
		244C0A8E2F8D3A2C0047102F /* Release */ = {
			isa = XCBuildConfiguration;
			buildSettings = {
				ASSETCATALOG_COMPILER_APPICON_NAME = AppIcon;
				ASSETCATALOG_COMPILER_GLOBAL_ACCENT_COLOR_NAME = AccentColor;
				CODE_SIGN_ENTITLEMENTS = BoxBoxNow/BoxBoxNow.entitlements;
				CODE_SIGN_STYLE = Automatic;
				CURRENT_PROJECT_VERSION = 1;
				DEVELOPMENT_TEAM = 8HBXJXJC68;
				ENABLE_PREVIEWS = YES;
				GENERATE_INFOPLIST_FILE = NO;
				INFOPLIST_FILE = BoxBoxNow/Resources/Info.plist;
				INFOPLIST_KEY_UIApplicationSceneManifest_Generation = YES;
				INFOPLIST_KEY_UIApplicationSupportsIndirectInputEvents = YES;
				INFOPLIST_KEY_UILaunchScreen_Generation = YES;
				INFOPLIST_KEY_UISupportedInterfaceOrientations_iPad = "UIInterfaceOrientationPortrait UIInterfaceOrientationPortraitUpsideDown UIInterfaceOrientationLandscapeLeft UIInterfaceOrientationLandscapeRight";
				INFOPLIST_KEY_UISupportedInterfaceOrientations_iPhone = "UIInterfaceOrientationPortrait UIInterfaceOrientationLandscapeLeft UIInterfaceOrientationLandscapeRight";
				IPHONEOS_DEPLOYMENT_TARGET = 26.0;
				LD_RUNPATH_SEARCH_PATHS = (
					"$(inherited)",
					"@executable_path/Frameworks",
				);
				MARKETING_VERSION = 1.0;
				PRODUCT_BUNDLE_IDENTIFIER = com.jizcue.BoxBoxNow;
				PRODUCT_NAME = "$(TARGET_NAME)";
				STRING_CATALOG_GENERATE_SYMBOLS = YES;
				SWIFT_APPROACHABLE_CONCURRENCY = YES;
				SWIFT_DEFAULT_ACTOR_ISOLATION = MainActor;
				SWIFT_EMIT_LOC_STRINGS = YES;
				SWIFT_UPCOMING_FEATURE_MEMBER_IMPORT_VISIBILITY = YES;
				SWIFT_VERSION = 5.0;
				TARGETED_DEVICE_FAMILY = "1,2";
			};
			name = Release;
		};
		84FBC0F8ECDC265256F21DE0 /* Release */ = {
			isa = XCBuildConfiguration;
			buildSettings = {
				CLANG_ENABLE_OBJC_WEAK = NO;
				GENERATE_INFOPLIST_FILE = YES;
				IPHONEOS_DEPLOYMENT_TARGET = 17.0;
				PRODUCT_BUNDLE_IDENTIFIER = com.jizcue.BoxBoxNowDashboard.uitests;
				SDKROOT = iphoneos;
				TARGETED_DEVICE_FAMILY = 2;
				TEST_TARGET_NAME = BoxBoxNowDashboard;
				VALIDATE_PRODUCT = YES;
			};
			name = Release;
		};
		C6D065E72190E5EBDD99570B /* Release */ = {
			isa = XCBuildConfiguration;
			buildSettings = {
				BUNDLE_LOADER = "$(TEST_HOST)";
				CLANG_ENABLE_OBJC_WEAK = NO;
				GENERATE_INFOPLIST_FILE = YES;
				IPHONEOS_DEPLOYMENT_TARGET = 17.0;
				PRODUCT_BUNDLE_IDENTIFIER = com.jizcue.BoxBoxNowDashboard.tests;
				PRODUCT_NAME = "$(TARGET_NAME)";
				SDKROOT = iphoneos;
				SWIFT_VERSION = 5.0;
				TARGETED_DEVICE_FAMILY = 2;
				TEST_HOST = "$(BUILT_PRODUCTS_DIR)/BoxBoxNowDashboard.app/BoxBoxNowDashboard";
				VALIDATE_PRODUCT = YES;
			};
			name = Release;
		};
		FF01BBC2801055214E17EF69 /* Debug */ = {
			isa = XCBuildConfiguration;
			buildSettings = {
				BUNDLE_LOADER = "$(TEST_HOST)";
				CLANG_ENABLE_OBJC_WEAK = NO;
				GENERATE_INFOPLIST_FILE = YES;
				IPHONEOS_DEPLOYMENT_TARGET = 17.0;
				PRODUCT_BUNDLE_IDENTIFIER = com.jizcue.BoxBoxNowDashboard.tests;
				PRODUCT_NAME = "$(TARGET_NAME)";
				SDKROOT = iphoneos;
				SWIFT_VERSION = 5.0;
				TARGETED_DEVICE_FAMILY = 2;
				TEST_HOST = "$(BUILT_PRODUCTS_DIR)/BoxBoxNowDashboard.app/BoxBoxNowDashboard";
			};
			name = Debug;
		};
/* End XCBuildConfiguration section */

/* Begin XCConfigurationList section */
		244C0A7C2F8D3A2A0047102F /* Build configuration list for PBXProject "BoxBoxNow" */ = {
			isa = XCConfigurationList;
			buildConfigurations = (
				244C0A8A2F8D3A2C0047102F /* Debug */,
				244C0A8B2F8D3A2C0047102F /* Release */,
			);
			defaultConfigurationIsVisible = 0;
			defaultConfigurationName = Release;
		};
		244C0A8C2F8D3A2C0047102F /* Build configuration list for PBXNativeTarget "BoxBoxNow" */ = {
			isa = XCConfigurationList;
			buildConfigurations = (
				244C0A8D2F8D3A2C0047102F /* Debug */,
				244C0A8E2F8D3A2C0047102F /* Release */,
			);
			defaultConfigurationIsVisible = 0;
			defaultConfigurationName = Release;
		};
		8A5F8D5D0F909AC5B9774B03 /* Build configuration list for PBXNativeTarget "BoxBoxNowDashboard" */ = {
			isa = XCConfigurationList;
			buildConfigurations = (
				17C8E039D58BDF5E13157388 /* Release */,
				126FFB11C08B285814B562EF /* Debug */,
			);
			defaultConfigurationIsVisible = 0;
			defaultConfigurationName = Release;
		};
		B94410C78A168B87D30F2BA8 /* Build configuration list for PBXNativeTarget "BoxBoxNowDashboardUITests" */ = {
			isa = XCConfigurationList;
			buildConfigurations = (
				84FBC0F8ECDC265256F21DE0 /* Release */,
				0A2F3387272FC15E70A52B5B /* Debug */,
			);
			defaultConfigurationIsVisible = 0;
			defaultConfigurationName = Release;
		};
		E7E68FC72F3B0F24480A8ADC /* Build configuration list for PBXNativeTarget "BoxBoxNowDashboardTests" */ = {
			isa = XCConfigurationList;
			buildConfigurations = (
				C6D065E72190E5EBDD99570B /* Release */,
				FF01BBC2801055214E17EF69 /* Debug */,
			);
			defaultConfigurationIsVisible = 0;
			defaultConfigurationName = Release;
		};
/* End XCConfigurationList section */
	};
	rootObject = 244C0A792F8D3A2A0047102F /* Project object */;
}
